{
  "version": 4,
  "terraform_version": "1.8.4",
  "serial": 1378,
  "lineage": "4019f366-426f-45a0-e601-de767000f46d",
  "outputs": {
    "rds_db_name": {
      "value": "lab_rds",
      "type": "string"
    },
    "rds_endpoint": {
      "value": "terraform-20240623114144593400000009.c5u2iug4uxcg.ap-northeast-2.rds.amazonaws.com:3306",
      "type": "string"
    },
    "rds_password": {
      "value": "11111111",
      "type": "string",
      "sensitive": true
    },
    "rds_username": {
      "value": "admin",
      "type": "string"
    }
  },
  "resources": [
    {
      "mode": "data",
      "type": "aws_ami",
      "name": "lab-template",
      "provider": "provider[\"registry.terraform.io/hashicorp/aws\"]",
      "instances": [
        {
          "schema_version": 0,
          "attributes": {
            "architecture": "x86_64",
            "arn": "arn:aws:ec2:ap-northeast-2::image/ami-0c865eea93f4d9b39",
            "block_device_mappings": [
              {
                "device_name": "/dev/sda1",
                "ebs": {
                  "delete_on_termination": "true",
                  "encrypted": "false",
                  "iops": "3000",
                  "snapshot_id": "snap-04c7c44391dc3175f",
                  "throughput": "125",
                  "volume_size": "8",
                  "volume_type": "gp3"
                },
                "no_device": "",
                "virtual_name": ""
              },
              {
                "device_name": "/dev/sdb",
                "ebs": {},
                "no_device": "",
                "virtual_name": "ephemeral0"
              },
              {
                "device_name": "/dev/sdc",
                "ebs": {},
                "no_device": "",
                "virtual_name": "ephemeral1"
              }
            ],
            "boot_mode": "uefi-preferred",
            "creation_date": "2024-06-21T15:48:55.000Z",
            "deprecation_time": "",
            "description": "",
            "ena_support": true,
            "executable_users": null,
            "filter": [
              {
                "name": "image-id",
                "values": [
                  "ami-0c865eea93f4d9b39"
                ]
              }
            ],
            "hypervisor": "xen",
            "id": "ami-0c865eea93f4d9b39",
            "image_id": "ami-0c865eea93f4d9b39",
            "image_location": "533267073442/lab-uwsgi-06-22",
            "image_owner_alias": "",
            "image_type": "machine",
            "imds_support": "v2.0",
            "include_deprecated": false,
            "kernel_id": "",
            "most_recent": true,
            "name": "lab-uwsgi-06-22",
            "name_regex": null,
            "owner_id": "533267073442",
            "owners": [
              "self"
            ],
            "platform": "",
            "platform_details": "Linux/UNIX",
            "product_codes": [],
            "public": false,
            "ramdisk_id": "",
            "root_device_name": "/dev/sda1",
            "root_device_type": "ebs",
            "root_snapshot_id": "snap-04c7c44391dc3175f",
            "sriov_net_support": "simple",
            "state": "available",
            "state_reason": {
              "code": "UNSET",
              "message": "UNSET"
            },
            "tags": {
              "Name": "lab-uwsgi-06-22"
            },
            "timeouts": null,
            "tpm_support": "",
            "usage_operation": "RunInstances",
            "virtualization_type": "hvm"
          },
          "sensitive_attributes": []
        }
      ]
    },
    {
      "mode": "data",
      "type": "aws_ami",
      "name": "ubuntu",
      "provider": "provider[\"registry.terraform.io/hashicorp/aws\"]",
      "instances": [
        {
          "schema_version": 0,
          "attributes": {
            "architecture": "x86_64",
            "arn": "arn:aws:ec2:ap-northeast-2::image/ami-07e2c7299e2ebb2d6",
            "block_device_mappings": [
              {
                "device_name": "/dev/sda1",
                "ebs": {
                  "delete_on_termination": "true",
                  "encrypted": "false",
                  "iops": "0",
                  "snapshot_id": "snap-0b60a66848fd4070a",
                  "throughput": "0",
                  "volume_size": "8",
                  "volume_type": "gp2"
                },
                "no_device": "",
                "virtual_name": ""
              },
              {
                "device_name": "/dev/sdb",
                "ebs": {},
                "no_device": "",
                "virtual_name": "ephemeral0"
              },
              {
                "device_name": "/dev/sdc",
                "ebs": {},
                "no_device": "",
                "virtual_name": "ephemeral1"
              }
            ],
            "boot_mode": "legacy-bios",
            "creation_date": "2024-06-14T22:18:39.000Z",
            "deprecation_time": "2026-06-14T22:18:39.000Z",
            "description": "Canonical, Ubuntu, 20.04 LTS, amd64 focal image build on 2024-06-14",
            "ena_support": true,
            "executable_users": null,
            "filter": [
              {
                "name": "name",
                "values": [
                  "ubuntu/images/hvm-ssd/ubuntu-focal-20.04-amd64-server-*"
                ]
              }
            ],
            "hypervisor": "xen",
            "id": "ami-07e2c7299e2ebb2d6",
            "image_id": "ami-07e2c7299e2ebb2d6",
            "image_location": "amazon/ubuntu/images/hvm-ssd/ubuntu-focal-20.04-amd64-server-20240614",
            "image_owner_alias": "amazon",
            "image_type": "machine",
            "imds_support": "",
            "include_deprecated": false,
            "kernel_id": "",
            "most_recent": true,
            "name": "ubuntu/images/hvm-ssd/ubuntu-focal-20.04-amd64-server-20240614",
            "name_regex": null,
            "owner_id": "099720109477",
            "owners": [
              "amazon"
            ],
            "platform": "",
            "platform_details": "Linux/UNIX",
            "product_codes": [],
            "public": true,
            "ramdisk_id": "",
            "root_device_name": "/dev/sda1",
            "root_device_type": "ebs",
            "root_snapshot_id": "snap-0b60a66848fd4070a",
            "sriov_net_support": "simple",
            "state": "available",
            "state_reason": {
              "code": "UNSET",
              "message": "UNSET"
            },
            "tags": {},
            "timeouts": null,
            "tpm_support": "",
            "usage_operation": "RunInstances",
            "virtualization_type": "hvm"
          },
          "sensitive_attributes": []
        }
      ]
    },
    {
      "mode": "managed",
      "type": "aws_autoscaling_attachment",
      "name": "lab-asg-alb",
      "provider": "provider[\"registry.terraform.io/hashicorp/aws\"]",
      "instances": [
        {
          "schema_version": 0,
          "attributes": {
            "autoscaling_group_name": "lab-asg",
            "elb": null,
            "id": "lab-asg-2024062311423093130000000c",
            "lb_target_group_arn": "arn:aws:elasticloadbalancing:ap-northeast-2:533267073442:targetgroup/lab-tg/86a636a94c21d640"
          },
          "sensitive_attributes": [],
          "private": "bnVsbA==",
          "dependencies": [
            "aws_autoscaling_group.lab-asg",
            "aws_iam_instance_profile.lab_ec2_profile",
            "aws_iam_role.lab_ec2_role",
            "aws_key_pair.hk_keypair",
            "aws_launch_template.lab-template",
            "aws_lb_target_group.lab-tg",
            "aws_security_group.lab-appserver-sg",
            "aws_subnet.app-subnet-a",
            "aws_subnet.app-subnet-b",
            "aws_vpc.lab-vpc",
            "data.aws_ami.lab-template",
            "tls_private_key.hk_keypair"
          ]
        }
      ]
    },
    {
      "mode": "managed",
      "type": "aws_autoscaling_group",
      "name": "lab-asg",
      "provider": "provider[\"registry.terraform.io/hashicorp/aws\"]",
      "instances": [
        {
          "schema_version": 1,
          "attributes": {
            "arn": "arn:aws:autoscaling:ap-northeast-2:533267073442:autoScalingGroup:c09df95c-075c-4a94-a4b0-701f89dc4676:autoScalingGroupName/lab-asg",
            "availability_zones": [
              "ap-northeast-2a",
              "ap-northeast-2c"
            ],
            "capacity_rebalance": false,
            "context": "",
            "default_cooldown": 300,
            "default_instance_warmup": 0,
            "desired_capacity": 1,
            "desired_capacity_type": "",
            "enabled_metrics": [],
            "force_delete": false,
            "force_delete_warm_pool": false,
            "health_check_grace_period": 60,
            "health_check_type": "EC2",
            "id": "lab-asg",
            "ignore_failed_scaling_activities": false,
            "initial_lifecycle_hook": [],
            "instance_maintenance_policy": [],
            "instance_refresh": [],
            "launch_configuration": "",
            "launch_template": [
              {
                "id": "lt-00d7db1cea03313db",
                "name": "lab-template",
                "version": "$Latest"
              }
            ],
            "load_balancers": [],
            "max_instance_lifetime": 0,
            "max_size": 2,
            "metrics_granularity": "1Minute",
            "min_elb_capacity": null,
            "min_size": 1,
            "mixed_instances_policy": [],
            "name": "lab-asg",
            "name_prefix": "",
            "placement_group": "",
            "predicted_capacity": 0,
            "protect_from_scale_in": false,
            "service_linked_role_arn": "arn:aws:iam::533267073442:role/aws-service-role/autoscaling.amazonaws.com/AWSServiceRoleForAutoScaling",
            "suspended_processes": [],
            "tag": [
              {
                "key": "Name",
                "propagate_at_launch": true,
                "value": "lab-asg-server"
              }
            ],
            "target_group_arns": [
              "arn:aws:elasticloadbalancing:ap-northeast-2:533267073442:targetgroup/lab-tg/86a636a94c21d640"
            ],
            "termination_policies": [],
            "timeouts": null,
            "traffic_source": [
              {
                "identifier": "arn:aws:elasticloadbalancing:ap-northeast-2:533267073442:targetgroup/lab-tg/86a636a94c21d640",
                "type": "elbv2"
              }
            ],
            "vpc_zone_identifier": [
              "subnet-0a63326bc41493367",
              "subnet-0f3e02605c7087e96"
            ],
            "wait_for_capacity_timeout": "10m",
            "wait_for_elb_capacity": null,
            "warm_pool": [],
            "warm_pool_size": 0
          },
          "sensitive_attributes": [],
          "private": "eyJlMmJmYjczMC1lY2FhLTExZTYtOGY4OC0zNDM2M2JjN2M0YzAiOnsiZGVsZXRlIjo2MDAwMDAwMDAwMDAsInVwZGF0ZSI6NjAwMDAwMDAwMDAwfSwic2NoZW1hX3ZlcnNpb24iOiIxIn0=",
          "dependencies": [
            "aws_iam_instance_profile.lab_ec2_profile",
            "aws_iam_role.lab_ec2_role",
            "aws_key_pair.hk_keypair",
            "aws_launch_template.lab-template",
            "aws_security_group.lab-appserver-sg",
            "aws_subnet.app-subnet-a",
            "aws_subnet.app-subnet-b",
            "aws_vpc.lab-vpc",
            "data.aws_ami.lab-template",
            "tls_private_key.hk_keypair"
          ]
        }
      ]
    },
    {
      "mode": "managed",
      "type": "aws_db_instance",
      "name": "lab-rds",
      "provider": "provider[\"registry.terraform.io/hashicorp/aws\"]",
      "instances": [
        {
          "schema_version": 2,
          "attributes": {
            "address": "terraform-20240623114144593400000009.c5u2iug4uxcg.ap-northeast-2.rds.amazonaws.com",
            "allocated_storage": 20,
            "allow_major_version_upgrade": null,
            "apply_immediately": false,
            "arn": "arn:aws:rds:ap-northeast-2:533267073442:db:terraform-20240623114144593400000009",
            "auto_minor_version_upgrade": true,
            "availability_zone": "ap-northeast-2c",
            "backup_retention_period": 0,
            "backup_target": "region",
            "backup_window": "16:36-17:06",
            "blue_green_update": [],
            "ca_cert_identifier": "rds-ca-rsa2048-g1",
            "character_set_name": "",
            "copy_tags_to_snapshot": false,
            "custom_iam_instance_profile": "",
            "customer_owned_ip_enabled": false,
            "db_name": "lab_rds",
            "db_subnet_group_name": "lab-db-subnet-group",
            "dedicated_log_volume": false,
            "delete_automated_backups": true,
            "deletion_protection": false,
            "domain": "",
            "domain_auth_secret_arn": "",
            "domain_dns_ips": [],
            "domain_fqdn": "",
            "domain_iam_role_name": "",
            "domain_ou": "",
            "enabled_cloudwatch_logs_exports": [],
            "endpoint": "terraform-20240623114144593400000009.c5u2iug4uxcg.ap-northeast-2.rds.amazonaws.com:3306",
            "engine": "mysql",
            "engine_version": "8.0",
            "engine_version_actual": "8.0.35",
            "final_snapshot_identifier": null,
            "hosted_zone_id": "ZLA2NUCOLGUUR",
            "iam_database_authentication_enabled": false,
            "id": "db-IQN2OITHIN33W2YJV6B55PR4II",
            "identifier": "terraform-20240623114144593400000009",
            "identifier_prefix": "terraform-",
            "instance_class": "db.t3.micro",
            "iops": 0,
            "kms_key_id": "",
            "latest_restorable_time": "",
            "license_model": "general-public-license",
            "listener_endpoint": [],
            "maintenance_window": "thu:14:06-thu:14:36",
            "manage_master_user_password": null,
            "master_user_secret": [],
            "master_user_secret_kms_key_id": null,
            "max_allocated_storage": 0,
            "monitoring_interval": 0,
            "monitoring_role_arn": "",
            "multi_az": true,
            "nchar_character_set_name": "",
            "network_type": "IPV4",
            "option_group_name": "default:mysql-8-0",
            "parameter_group_name": "default.mysql8.0",
            "password": "11111111",
            "performance_insights_enabled": false,
            "performance_insights_kms_key_id": "",
            "performance_insights_retention_period": 0,
            "port": 3306,
            "publicly_accessible": true,
            "replica_mode": "",
            "replicas": [],
            "replicate_source_db": "",
            "resource_id": "db-IQN2OITHIN33W2YJV6B55PR4II",
            "restore_to_point_in_time": [],
            "s3_import": [],
            "skip_final_snapshot": true,
            "snapshot_identifier": null,
            "status": "available",
            "storage_encrypted": false,
            "storage_throughput": 0,
            "storage_type": "gp2",
            "tags": {
              "Name": "lab-rds"
            },
            "tags_all": {
              "Name": "lab-rds"
            },
            "timeouts": null,
            "timezone": "",
            "username": "admin",
            "vpc_security_group_ids": [
              "sg-0ba68b6b1f1e8d5c8"
            ]
          },
          "sensitive_attributes": [
            [
              {
                "type": "get_attr",
                "value": "password"
              }
            ]
          ],
          "private": "eyJlMmJmYjczMC1lY2FhLTExZTYtOGY4OC0zNDM2M2JjN2M0YzAiOnsiY3JlYXRlIjoyNDAwMDAwMDAwMDAwLCJkZWxldGUiOjM2MDAwMDAwMDAwMDAsInVwZGF0ZSI6NDgwMDAwMDAwMDAwMH0sInNjaGVtYV92ZXJzaW9uIjoiMiJ9",
          "dependencies": [
            "aws_db_subnet_group.lab-db-subnet-group",
            "aws_security_group.lab-rds-sg",
            "aws_subnet.db-subnet-a",
            "aws_subnet.db-subnet-b",
            "aws_vpc.lab-vpc"
          ]
        }
      ]
    },
    {
      "mode": "managed",
      "type": "aws_db_subnet_group",
      "name": "lab-db-subnet-group",
      "provider": "provider[\"registry.terraform.io/hashicorp/aws\"]",
      "instances": [
        {
          "schema_version": 0,
          "attributes": {
            "arn": "arn:aws:rds:ap-northeast-2:533267073442:subgrp:lab-db-subnet-group",
            "description": "Managed by Terraform",
            "id": "lab-db-subnet-group",
            "name": "lab-db-subnet-group",
            "name_prefix": "",
            "subnet_ids": [
              "subnet-02c98599ea22d8fde",
              "subnet-0726b17a4ce71a1a2"
            ],
            "supported_network_types": [
              "IPV4"
            ],
            "tags": {},
            "tags_all": {},
            "vpc_id": "vpc-024636c3bad3e2cc2"
          },
          "sensitive_attributes": [],
          "private": "bnVsbA==",
          "dependencies": [
            "aws_subnet.db-subnet-a",
            "aws_subnet.db-subnet-b",
            "aws_vpc.lab-vpc"
          ]
        }
      ]
    },
    {
      "mode": "managed",
      "type": "aws_eip",
      "name": "lab-eip",
      "provider": "provider[\"registry.terraform.io/hashicorp/aws\"]",
      "instances": [
        {
          "schema_version": 0,
          "attributes": {
            "address": null,
            "allocation_id": "eipalloc-0c2b17681ee0d7b7a",
            "arn": "arn:aws:ec2:ap-northeast-2:533267073442:elastic-ip/eipalloc-0c2b17681ee0d7b7a",
            "associate_with_private_ip": null,
            "association_id": "eipassoc-0a5b01cf735ca9d1d",
            "carrier_ip": "",
            "customer_owned_ip": "",
            "customer_owned_ipv4_pool": "",
            "domain": "vpc",
            "id": "eipalloc-0c2b17681ee0d7b7a",
            "instance": "",
            "network_border_group": "ap-northeast-2",
            "network_interface": "eni-0cbd7d0ca12fc3e3a",
            "private_dns": "ip-10-0-1-27.ap-northeast-2.compute.internal",
            "private_ip": "10.0.1.27",
            "ptr_record": "",
            "public_dns": "ec2-43-200-220-203.ap-northeast-2.compute.amazonaws.com",
            "public_ip": "43.200.220.203",
            "public_ipv4_pool": "amazon",
            "tags": {},
            "tags_all": {},
            "timeouts": null,
            "vpc": true
          },
          "sensitive_attributes": [],
          "private": "eyJlMmJmYjczMC1lY2FhLTExZTYtOGY4OC0zNDM2M2JjN2M0YzAiOnsiZGVsZXRlIjoxODAwMDAwMDAwMDAsInJlYWQiOjkwMDAwMDAwMDAwMCwidXBkYXRlIjozMDAwMDAwMDAwMDB9fQ=="
        }
      ]
    },
    {
      "mode": "managed",
      "type": "aws_iam_instance_profile",
      "name": "lab_ec2_profile",
      "provider": "provider[\"registry.terraform.io/hashicorp/aws\"]",
      "instances": [
        {
          "schema_version": 0,
          "attributes": {
            "arn": "arn:aws:iam::533267073442:instance-profile/lab_ec2_instance_profile",
            "create_date": "2024-06-23T11:41:32Z",
            "id": "lab_ec2_instance_profile",
            "name": "lab_ec2_instance_profile",
            "name_prefix": "",
            "path": "/",
            "role": "lab-ec2_ssm_role",
            "tags": {},
            "tags_all": {},
            "unique_id": "AIPAXYKJRZGRHT7KIVPM3"
          },
          "sensitive_attributes": [],
          "private": "bnVsbA==",
          "dependencies": [
            "aws_iam_role.lab_ec2_role"
          ],
          "create_before_destroy": true
        }
      ]
    },
    {
      "mode": "managed",
      "type": "aws_iam_policy",
      "name": "lab_ssm_policy",
      "provider": "provider[\"registry.terraform.io/hashicorp/aws\"]",
      "instances": [
        {
          "schema_version": 0,
          "attributes": {
            "arn": "arn:aws:iam::533267073442:policy/lab_ssm_full_access_policy",
            "attachment_count": 0,
            "description": "Full access to AWS Systems Manager",
            "id": "arn:aws:iam::533267073442:policy/lab_ssm_full_access_policy",
            "name": "lab_ssm_full_access_policy",
            "name_prefix": "",
            "path": "/",
            "policy": "{\"Statement\":[{\"Action\":\"ssm:*\",\"Effect\":\"Allow\",\"Resource\":\"*\"},{\"Action\":\"ec2messages:*\",\"Effect\":\"Allow\",\"Resource\":\"*\"},{\"Action\":\"logs:CreateLogGroup\",\"Effect\":\"Allow\",\"Resource\":\"*\"},{\"Action\":[\"logs:CreateLogStream\",\"logs:PutLogEvents\"],\"Effect\":\"Allow\",\"Resource\":\"arn:aws:logs:*:*:*\"}],\"Version\":\"2012-10-17\"}",
            "policy_id": "ANPAXYKJRZGRJDHM66WWH",
            "tags": null,
            "tags_all": {}
          },
          "sensitive_attributes": [],
          "private": "bnVsbA=="
        }
      ]
    },
    {
      "mode": "managed",
      "type": "aws_iam_role",
      "name": "lab_ec2_role",
      "provider": "provider[\"registry.terraform.io/hashicorp/aws\"]",
      "instances": [
        {
          "schema_version": 0,
          "attributes": {
            "arn": "arn:aws:iam::533267073442:role/lab-ec2_ssm_role",
            "assume_role_policy": "{\"Statement\":[{\"Action\":\"sts:AssumeRole\",\"Effect\":\"Allow\",\"Principal\":{\"Service\":\"ec2.amazonaws.com\"}},{\"Action\":\"sts:AssumeRole\",\"Effect\":\"Allow\",\"Principal\":{\"Service\":\"ssm.amazonaws.com\"}}],\"Version\":\"2012-10-17\"}",
            "create_date": "2024-06-23T11:41:32Z",
            "description": "",
            "force_detach_policies": false,
            "id": "lab-ec2_ssm_role",
            "inline_policy": [],
            "managed_policy_arns": [
              "arn:aws:iam::533267073442:policy/lab_ssm_readonly_policy"
            ],
            "max_session_duration": 3600,
            "name": "lab-ec2_ssm_role",
            "name_prefix": "",
            "path": "/",
            "permissions_boundary": "",
            "tags": {},
            "tags_all": {},
            "unique_id": "AROAXYKJRZGRH26NGMN6W"
          },
          "sensitive_attributes": [],
          "private": "bnVsbA=="
        }
      ]
    },
    {
      "mode": "managed",
      "type": "aws_iam_role_policy_attachment",
      "name": "lab_attach_ssm_policy",
      "provider": "provider[\"registry.terraform.io/hashicorp/aws\"]",
      "instances": [
        {
          "schema_version": 0,
          "attributes": {
            "id": "lab-ec2_ssm_role-20240623143402023200000001",
            "policy_arn": "arn:aws:iam::533267073442:policy/lab_ssm_full_access_policy",
            "role": "lab-ec2_ssm_role"
          },
          "sensitive_attributes": [],
          "private": "bnVsbA==",
          "dependencies": [
            "aws_iam_policy.lab_ssm_policy",
            "aws_iam_role.lab_ec2_role"
          ]
        }
      ]
    },
    {
      "mode": "managed",
      "type": "aws_instance",
      "name": "lab-bastion-host",
      "provider": "provider[\"registry.terraform.io/hashicorp/aws\"]",
      "instances": [
        {
          "schema_version": 1,
          "attributes": {
            "ami": "ami-07e2c7299e2ebb2d6",
            "arn": "arn:aws:ec2:ap-northeast-2:533267073442:instance/i-096df0a45b74257ee",
            "associate_public_ip_address": true,
            "availability_zone": "ap-northeast-2a",
            "capacity_reservation_specification": [
              {
                "capacity_reservation_preference": "open",
                "capacity_reservation_target": []
              }
            ],
            "cpu_core_count": 1,
            "cpu_options": [
              {
                "amd_sev_snp": "",
                "core_count": 1,
                "threads_per_core": 1
              }
            ],
            "cpu_threads_per_core": 1,
            "credit_specification": [
              {
                "cpu_credits": "standard"
              }
            ],
            "disable_api_stop": false,
            "disable_api_termination": false,
            "ebs_block_device": [],
            "ebs_optimized": false,
            "enclave_options": [
              {
                "enabled": false
              }
            ],
            "ephemeral_block_device": [],
            "get_password_data": false,
            "hibernation": false,
            "host_id": "",
            "host_resource_group_arn": null,
            "iam_instance_profile": "",
            "id": "i-096df0a45b74257ee",
            "instance_initiated_shutdown_behavior": "stop",
            "instance_lifecycle": "",
            "instance_market_options": [],
            "instance_state": "running",
            "instance_type": "t2.micro",
            "ipv6_address_count": 0,
            "ipv6_addresses": [],
            "key_name": "hk_keypair",
            "launch_template": [],
            "maintenance_options": [
              {
                "auto_recovery": "default"
              }
            ],
            "metadata_options": [
              {
                "http_endpoint": "enabled",
                "http_protocol_ipv6": "disabled",
                "http_put_response_hop_limit": 1,
                "http_tokens": "optional",
                "instance_metadata_tags": "disabled"
              }
            ],
            "monitoring": false,
            "network_interface": [],
            "outpost_arn": "",
            "password_data": "",
            "placement_group": "",
            "placement_partition_number": 0,
            "primary_network_interface_id": "eni-0b871a158adc3fc44",
            "private_dns": "ip-10-0-1-228.ap-northeast-2.compute.internal",
            "private_dns_name_options": [
              {
                "enable_resource_name_dns_a_record": false,
                "enable_resource_name_dns_aaaa_record": false,
                "hostname_type": "ip-name"
              }
            ],
            "private_ip": "10.0.1.228",
            "public_dns": "ec2-3-36-58-146.ap-northeast-2.compute.amazonaws.com",
            "public_ip": "3.36.58.146",
            "root_block_device": [
              {
                "delete_on_termination": true,
                "device_name": "/dev/sda1",
                "encrypted": false,
                "iops": 100,
                "kms_key_id": "",
                "tags": {},
                "tags_all": {},
                "throughput": 0,
                "volume_id": "vol-0923d9c95a680528f",
                "volume_size": 8,
                "volume_type": "gp2"
              }
            ],
            "secondary_private_ips": [],
            "security_groups": [],
            "source_dest_check": true,
            "spot_instance_request_id": "",
            "subnet_id": "subnet-0f7d79017e80a12f2",
            "tags": {
              "Name": "lab-bastion-host"
            },
            "tags_all": {
              "Name": "lab-bastion-host"
            },
            "tenancy": "default",
            "timeouts": null,
            "user_data": null,
            "user_data_base64": null,
            "user_data_replace_on_change": false,
            "volume_tags": null,
            "vpc_security_group_ids": [
              "sg-05e1bb04492118573"
            ]
          },
          "sensitive_attributes": [],
          "private": "eyJlMmJmYjczMC1lY2FhLTExZTYtOGY4OC0zNDM2M2JjN2M0YzAiOnsiY3JlYXRlIjo2MDAwMDAwMDAwMDAsImRlbGV0ZSI6MTIwMDAwMDAwMDAwMCwicmVhZCI6OTAwMDAwMDAwMDAwLCJ1cGRhdGUiOjYwMDAwMDAwMDAwMH0sInNjaGVtYV92ZXJzaW9uIjoiMSJ9",
          "dependencies": [
            "aws_key_pair.hk_keypair",
            "aws_security_group.lab-bastion-sg",
            "aws_subnet.public-subnet",
            "aws_vpc.lab-vpc",
            "data.aws_ami.ubuntu",
            "tls_private_key.hk_keypair"
          ]
        }
      ]
    },
    {
      "mode": "managed",
      "type": "aws_internet_gateway",
      "name": "IGW",
      "provider": "provider[\"registry.terraform.io/hashicorp/aws\"]",
      "instances": [
        {
          "schema_version": 0,
          "attributes": {
            "arn": "arn:aws:ec2:ap-northeast-2:533267073442:internet-gateway/igw-09d075df24302fd9e",
            "id": "igw-09d075df24302fd9e",
            "owner_id": "533267073442",
            "tags": {
              "Name": "IGW"
            },
            "tags_all": {
              "Name": "IGW"
            },
            "timeouts": null,
            "vpc_id": "vpc-024636c3bad3e2cc2"
          },
          "sensitive_attributes": [],
          "private": "eyJlMmJmYjczMC1lY2FhLTExZTYtOGY4OC0zNDM2M2JjN2M0YzAiOnsiY3JlYXRlIjoxMjAwMDAwMDAwMDAwLCJkZWxldGUiOjEyMDAwMDAwMDAwMDAsInVwZGF0ZSI6MTIwMDAwMDAwMDAwMH19",
          "dependencies": [
            "aws_vpc.lab-vpc"
          ]
        }
      ]
    },
    {
      "mode": "managed",
      "type": "aws_key_pair",
      "name": "hk_keypair",
      "provider": "provider[\"registry.terraform.io/hashicorp/aws\"]",
      "instances": [
        {
          "schema_version": 1,
          "attributes": {
            "arn": "arn:aws:ec2:ap-northeast-2:533267073442:key-pair/hk_keypair",
            "fingerprint": "a9:02:52:c8:00:49:7b:ae:1b:8b:6b:f6:6c:df:1d:09",
            "id": "hk_keypair",
            "key_name": "hk_keypair",
            "key_name_prefix": "",
            "key_pair_id": "key-0f2c431f5b3499fa7",
            "key_type": "rsa",
            "public_key": "ssh-rsa AAAAB3NzaC1yc2EAAAADAQABAAACAQCpp1nSIb7SsZIm76WW2Le5lJVyGZBnlU87CrjaJnaEJeojp7CuVqV+I8RBLdEhTIkoZZCwEwFIdXehZr3H9tWVR3CePUPg+Z6GrgtQWuz6k3Xp/W2i//Jk0biD7Z4r/7ZksloqNwf+sS015rHBRylmI4QunzNU/Uvi0bhZXLBc47c2Esuqdf/HVQZvUAvA8TeCK7bt2SSKZWHcPONasoKUwIbopUr3wEjENPp6C3qug6vs7MpLHepPaSQGGX0tQr63BdQgWEtrWnWdcPleUygktYVu+DA7sOGgTrjvtvdRMc52lTmAuOwVvfP5zCMsUllVJ4CbIaEPi2oLeKwO2Aqke+Ktwns+uGff/kQ+P3ktHcV3lB8HI3wtrikL9srTb6pA4PbeeGdcd0Y1YaeIxefbyCOpw213gsBlzs8JCeq267xVO4zkOeMdZATWZCTRimmlIy/+Vkowi64vK3DLso12KTmeSDTidFYIM37RpujsFFnvCy58N+xRae6g9j24KtnDCD4IWGEpDC4B0NVucqvAiuZz52fktZOX+tlT8HHYgKYid1nW7uwrxib7OscLVY9J3ffSMTWrsW6YRhrPIpXiLqgN4I5Mp+1IO58lx4Ajfd4BIA0xVqqfo2aKgjF/qcoccIoQRuFstSVYhMgwE9bd+6wPLdSGARRDwjHT4ssWTw==",
            "tags": {},
            "tags_all": {}
          },
          "sensitive_attributes": [],
          "private": "eyJzY2hlbWFfdmVyc2lvbiI6IjEifQ==",
          "dependencies": [
            "tls_private_key.hk_keypair"
          ],
          "create_before_destroy": true
        }
      ]
    },
    {
      "mode": "managed",
      "type": "aws_launch_template",
      "name": "lab-template",
      "provider": "provider[\"registry.terraform.io/hashicorp/aws\"]",
      "instances": [
        {
          "schema_version": 0,
          "attributes": {
            "arn": "arn:aws:ec2:ap-northeast-2:533267073442:launch-template/lt-00d7db1cea03313db",
            "block_device_mappings": [],
            "capacity_reservation_specification": [],
            "cpu_options": [],
            "credit_specification": [],
            "default_version": 1,
            "description": "",
            "disable_api_stop": false,
            "disable_api_termination": false,
            "ebs_optimized": "",
            "elastic_gpu_specifications": [],
            "elastic_inference_accelerator": [],
            "enclave_options": [],
            "hibernation_options": [],
            "iam_instance_profile": [
              {
                "arn": "",
                "name": "lab_ec2_instance_profile"
              }
            ],
            "id": "lt-00d7db1cea03313db",
            "image_id": "ami-0c865eea93f4d9b39",
            "instance_initiated_shutdown_behavior": "",
            "instance_market_options": [],
            "instance_requirements": [],
            "instance_type": "t2.micro",
            "kernel_id": "",
            "key_name": "hk_keypair",
            "latest_version": 1,
            "license_specification": [],
            "maintenance_options": [],
            "metadata_options": [],
            "monitoring": [],
            "name": "lab-template",
            "name_prefix": "",
            "network_interfaces": [
              {
                "associate_carrier_ip_address": "",
                "associate_public_ip_address": "false",
                "delete_on_termination": "",
                "description": "",
                "device_index": 0,
                "interface_type": "",
                "ipv4_address_count": 0,
                "ipv4_addresses": [],
                "ipv4_prefix_count": 0,
                "ipv4_prefixes": [],
                "ipv6_address_count": 0,
                "ipv6_addresses": [],
                "ipv6_prefix_count": 0,
                "ipv6_prefixes": [],
                "network_card_index": 0,
                "network_interface_id": "",
                "private_ip_address": "",
                "security_groups": [
                  "sg-08e0a5336d6881162"
                ],
                "subnet_id": ""
              }
            ],
            "placement": [],
            "private_dns_name_options": [],
            "ram_disk_id": "",
            "security_group_names": [],
            "tag_specifications": [
              {
                "resource_type": "instance",
                "tags": {
                  "Name": "lab-template"
                }
              }
            ],
            "tags": {},
            "tags_all": {},
            "update_default_version": null,
            "user_data": "",
            "vpc_security_group_ids": []
          },
          "sensitive_attributes": [],
          "private": "bnVsbA==",
          "dependencies": [
            "aws_iam_instance_profile.lab_ec2_profile",
            "aws_iam_role.lab_ec2_role",
            "aws_key_pair.hk_keypair",
            "aws_security_group.lab-appserver-sg",
            "aws_vpc.lab-vpc",
            "data.aws_ami.lab-template",
            "tls_private_key.hk_keypair"
          ],
          "create_before_destroy": true
        }
      ]
    },
    {
      "mode": "managed",
      "type": "aws_lb",
      "name": "lab-alb",
      "provider": "provider[\"registry.terraform.io/hashicorp/aws\"]",
      "instances": [
        {
          "schema_version": 0,
          "attributes": {
            "access_logs": [
              {
                "bucket": "",
                "enabled": false,
                "prefix": ""
              }
            ],
            "arn": "arn:aws:elasticloadbalancing:ap-northeast-2:533267073442:loadbalancer/app/lab-alb/b46d6b040377a22c",
            "arn_suffix": "app/lab-alb/b46d6b040377a22c",
            "client_keep_alive": 3600,
            "connection_logs": [
              {
                "bucket": "",
                "enabled": false,
                "prefix": ""
              }
            ],
            "customer_owned_ipv4_pool": "",
            "desync_mitigation_mode": "defensive",
            "dns_name": "lab-alb-1816033724.ap-northeast-2.elb.amazonaws.com",
            "dns_record_client_routing_policy": null,
            "drop_invalid_header_fields": false,
            "enable_cross_zone_load_balancing": true,
            "enable_deletion_protection": false,
            "enable_http2": true,
            "enable_tls_version_and_cipher_suite_headers": false,
            "enable_waf_fail_open": false,
            "enable_xff_client_port": false,
            "enforce_security_group_inbound_rules_on_private_link_traffic": "",
            "id": "arn:aws:elasticloadbalancing:ap-northeast-2:533267073442:loadbalancer/app/lab-alb/b46d6b040377a22c",
            "idle_timeout": 60,
            "internal": false,
            "ip_address_type": "ipv4",
            "load_balancer_type": "application",
            "name": "lab-alb",
            "name_prefix": "",
            "preserve_host_header": false,
            "security_groups": [
              "sg-0bc7c53549518d20d"
            ],
            "subnet_mapping": [
              {
                "allocation_id": "",
                "ipv6_address": "",
                "outpost_id": "",
                "private_ipv4_address": "",
                "subnet_id": "subnet-051a1513f2ef60856"
              },
              {
                "allocation_id": "",
                "ipv6_address": "",
                "outpost_id": "",
                "private_ipv4_address": "",
                "subnet_id": "subnet-0f7d79017e80a12f2"
              }
            ],
            "subnets": [
              "subnet-051a1513f2ef60856",
              "subnet-0f7d79017e80a12f2"
            ],
            "tags": {
              "Name": "lab-alb"
            },
            "tags_all": {
              "Name": "lab-alb"
            },
            "timeouts": null,
            "vpc_id": "vpc-024636c3bad3e2cc2",
            "xff_header_processing_mode": "append",
            "zone_id": "ZWKZPGTI48KDX"
          },
          "sensitive_attributes": [],
          "private": "eyJlMmJmYjczMC1lY2FhLTExZTYtOGY4OC0zNDM2M2JjN2M0YzAiOnsiY3JlYXRlIjo2MDAwMDAwMDAwMDAsImRlbGV0ZSI6NjAwMDAwMDAwMDAwLCJ1cGRhdGUiOjYwMDAwMDAwMDAwMH19",
          "dependencies": [
            "aws_security_group.lab-alb-sg",
            "aws_subnet.public-subnet",
            "aws_subnet.public-subnet-b",
            "aws_vpc.lab-vpc"
          ]
        }
      ]
    },
    {
      "mode": "managed",
      "type": "aws_lb_listener",
      "name": "lab-listener",
      "provider": "provider[\"registry.terraform.io/hashicorp/aws\"]",
      "instances": [
        {
          "schema_version": 0,
          "attributes": {
            "alpn_policy": null,
            "arn": "arn:aws:elasticloadbalancing:ap-northeast-2:533267073442:listener/app/lab-alb/b46d6b040377a22c/03dda99a638eb1a5",
            "certificate_arn": null,
            "default_action": [
              {
                "authenticate_cognito": [],
                "authenticate_oidc": [],
                "fixed_response": [],
                "forward": [],
                "order": 1,
                "redirect": [],
                "target_group_arn": "arn:aws:elasticloadbalancing:ap-northeast-2:533267073442:targetgroup/lab-tg/86a636a94c21d640",
                "type": "forward"
              }
            ],
            "id": "arn:aws:elasticloadbalancing:ap-northeast-2:533267073442:listener/app/lab-alb/b46d6b040377a22c/03dda99a638eb1a5",
            "load_balancer_arn": "arn:aws:elasticloadbalancing:ap-northeast-2:533267073442:loadbalancer/app/lab-alb/b46d6b040377a22c",
            "mutual_authentication": [],
            "port": 80,
            "protocol": "HTTP",
            "ssl_policy": "",
            "tags": {
              "Name": "lab-listener"
            },
            "tags_all": {
              "Name": "lab-listener"
            },
            "timeouts": null
          },
          "sensitive_attributes": [],
          "private": "eyJlMmJmYjczMC1lY2FhLTExZTYtOGY4OC0zNDM2M2JjN2M0YzAiOnsiY3JlYXRlIjozMDAwMDAwMDAwMDAsInVwZGF0ZSI6MzAwMDAwMDAwMDAwfX0=",
          "dependencies": [
            "aws_lb.lab-alb",
            "aws_lb_target_group.lab-tg",
            "aws_security_group.lab-alb-sg",
            "aws_subnet.public-subnet",
            "aws_subnet.public-subnet-b",
            "aws_vpc.lab-vpc"
          ]
        }
      ]
    },
    {
      "mode": "managed",
      "type": "aws_lb_target_group",
      "name": "lab-tg",
      "provider": "provider[\"registry.terraform.io/hashicorp/aws\"]",
      "instances": [
        {
          "schema_version": 0,
          "attributes": {
            "arn": "arn:aws:elasticloadbalancing:ap-northeast-2:533267073442:targetgroup/lab-tg/86a636a94c21d640",
            "arn_suffix": "targetgroup/lab-tg/86a636a94c21d640",
            "connection_termination": null,
            "deregistration_delay": "300",
            "health_check": [
              {
                "enabled": true,
                "healthy_threshold": 2,
                "interval": 5,
                "matcher": "200",
                "path": "/health-check",
                "port": "traffic-port",
                "protocol": "HTTP",
                "timeout": 2,
                "unhealthy_threshold": 2
              }
            ],
            "id": "arn:aws:elasticloadbalancing:ap-northeast-2:533267073442:targetgroup/lab-tg/86a636a94c21d640",
            "ip_address_type": "ipv4",
            "lambda_multi_value_headers_enabled": false,
            "load_balancer_arns": [
              "arn:aws:elasticloadbalancing:ap-northeast-2:533267073442:loadbalancer/app/lab-alb/b46d6b040377a22c"
            ],
            "load_balancing_algorithm_type": "round_robin",
            "load_balancing_anomaly_mitigation": "off",
            "load_balancing_cross_zone_enabled": "use_load_balancer_configuration",
            "name": "lab-tg",
            "name_prefix": "",
            "port": 80,
            "preserve_client_ip": null,
            "protocol": "HTTP",
            "protocol_version": "HTTP1",
            "proxy_protocol_v2": false,
            "slow_start": 0,
            "stickiness": [
              {
                "cookie_duration": 86400,
                "cookie_name": "",
                "enabled": false,
                "type": "lb_cookie"
              }
            ],
            "tags": {
              "Name": "lab-tg"
            },
            "tags_all": {
              "Name": "lab-tg"
            },
            "target_failover": [
              {
                "on_deregistration": null,
                "on_unhealthy": null
              }
            ],
            "target_health_state": [
              {
                "enable_unhealthy_connection_termination": null
              }
            ],
            "target_type": "instance",
            "vpc_id": "vpc-024636c3bad3e2cc2"
          },
          "sensitive_attributes": [],
          "private": "bnVsbA==",
          "dependencies": [
            "aws_vpc.lab-vpc"
          ]
        }
      ]
    },
    {
      "mode": "managed",
      "type": "aws_nat_gateway",
      "name": "lab-nat-gw",
      "provider": "provider[\"registry.terraform.io/hashicorp/aws\"]",
      "instances": [
        {
          "schema_version": 0,
          "attributes": {
            "allocation_id": "eipalloc-0c2b17681ee0d7b7a",
            "association_id": "eipassoc-0a5b01cf735ca9d1d",
            "connectivity_type": "public",
            "id": "nat-0814bb6e5b73c5fa8",
            "network_interface_id": "eni-0cbd7d0ca12fc3e3a",
            "private_ip": "10.0.1.27",
            "public_ip": "43.200.220.203",
            "secondary_allocation_ids": [],
            "secondary_private_ip_address_count": 0,
            "secondary_private_ip_addresses": [],
            "subnet_id": "subnet-0f7d79017e80a12f2",
            "tags": {
              "Name": "lab-nat-gw"
            },
            "tags_all": {
              "Name": "lab-nat-gw"
            },
            "timeouts": null
          },
          "sensitive_attributes": [],
          "private": "eyJlMmJmYjczMC1lY2FhLTExZTYtOGY4OC0zNDM2M2JjN2M0YzAiOnsiY3JlYXRlIjo2MDAwMDAwMDAwMDAsImRlbGV0ZSI6MTgwMDAwMDAwMDAwMCwidXBkYXRlIjo2MDAwMDAwMDAwMDB9fQ==",
          "dependencies": [
            "aws_eip.lab-eip",
            "aws_subnet.public-subnet",
            "aws_vpc.lab-vpc"
          ]
        }
      ]
    },
    {
      "mode": "managed",
      "type": "aws_route",
      "name": "lab-nat-gw",
      "provider": "provider[\"registry.terraform.io/hashicorp/aws\"]",
      "instances": [
        {
          "schema_version": 0,
          "attributes": {
            "carrier_gateway_id": "",
            "core_network_arn": "",
            "destination_cidr_block": "0.0.0.0/0",
            "destination_ipv6_cidr_block": "",
            "destination_prefix_list_id": "",
            "egress_only_gateway_id": "",
            "gateway_id": "",
            "id": "r-rtb-0ed14d0ed8ec716631080289494",
            "instance_id": "",
            "instance_owner_id": "",
            "local_gateway_id": "",
            "nat_gateway_id": "nat-0814bb6e5b73c5fa8",
            "network_interface_id": "",
            "origin": "CreateRoute",
            "route_table_id": "rtb-0ed14d0ed8ec71663",
            "state": "active",
            "timeouts": null,
            "transit_gateway_id": "",
            "vpc_endpoint_id": "",
            "vpc_peering_connection_id": ""
          },
          "sensitive_attributes": [],
          "private": "eyJlMmJmYjczMC1lY2FhLTExZTYtOGY4OC0zNDM2M2JjN2M0YzAiOnsiY3JlYXRlIjozMDAwMDAwMDAwMDAsImRlbGV0ZSI6MzAwMDAwMDAwMDAwLCJ1cGRhdGUiOjEyMDAwMDAwMDAwMH19",
          "dependencies": [
            "aws_eip.lab-eip",
            "aws_nat_gateway.lab-nat-gw",
            "aws_route_table.lab-app-rt-a",
            "aws_subnet.public-subnet",
            "aws_vpc.lab-vpc"
          ]
        }
      ]
    },
    {
      "mode": "managed",
      "type": "aws_route",
      "name": "lab-nat-gw-b",
      "provider": "provider[\"registry.terraform.io/hashicorp/aws\"]",
      "instances": [
        {
          "schema_version": 0,
          "attributes": {
            "carrier_gateway_id": "",
            "core_network_arn": "",
            "destination_cidr_block": "0.0.0.0/0",
            "destination_ipv6_cidr_block": "",
            "destination_prefix_list_id": "",
            "egress_only_gateway_id": "",
            "gateway_id": "",
            "id": "r-rtb-03d4075b375595dda1080289494",
            "instance_id": "",
            "instance_owner_id": "",
            "local_gateway_id": "",
            "nat_gateway_id": "nat-0814bb6e5b73c5fa8",
            "network_interface_id": "",
            "origin": "CreateRoute",
            "route_table_id": "rtb-03d4075b375595dda",
            "state": "active",
            "timeouts": null,
            "transit_gateway_id": "",
            "vpc_endpoint_id": "",
            "vpc_peering_connection_id": ""
          },
          "sensitive_attributes": [],
          "private": "eyJlMmJmYjczMC1lY2FhLTExZTYtOGY4OC0zNDM2M2JjN2M0YzAiOnsiY3JlYXRlIjozMDAwMDAwMDAwMDAsImRlbGV0ZSI6MzAwMDAwMDAwMDAwLCJ1cGRhdGUiOjEyMDAwMDAwMDAwMH19",
          "dependencies": [
            "aws_eip.lab-eip",
            "aws_nat_gateway.lab-nat-gw",
            "aws_route_table.lab-app-rt-b",
            "aws_subnet.public-subnet",
            "aws_vpc.lab-vpc"
          ]
        }
      ]
    },
    {
      "mode": "managed",
      "type": "aws_route_table",
      "name": "lab-app-rt-a",
      "provider": "provider[\"registry.terraform.io/hashicorp/aws\"]",
      "instances": [
        {
          "schema_version": 0,
          "attributes": {
            "arn": "arn:aws:ec2:ap-northeast-2:533267073442:route-table/rtb-0ed14d0ed8ec71663",
            "id": "rtb-0ed14d0ed8ec71663",
            "owner_id": "533267073442",
            "propagating_vgws": [],
            "route": [
              {
                "carrier_gateway_id": "",
                "cidr_block": "0.0.0.0/0",
                "core_network_arn": "",
                "destination_prefix_list_id": "",
                "egress_only_gateway_id": "",
                "gateway_id": "",
                "ipv6_cidr_block": "",
                "local_gateway_id": "",
                "nat_gateway_id": "nat-0814bb6e5b73c5fa8",
                "network_interface_id": "",
                "transit_gateway_id": "",
                "vpc_endpoint_id": "",
                "vpc_peering_connection_id": ""
              }
            ],
            "tags": {
              "Name": "lab-app-rt-a"
            },
            "tags_all": {
              "Name": "lab-app-rt-a"
            },
            "timeouts": null,
            "vpc_id": "vpc-024636c3bad3e2cc2"
          },
          "sensitive_attributes": [],
          "private": "eyJlMmJmYjczMC1lY2FhLTExZTYtOGY4OC0zNDM2M2JjN2M0YzAiOnsiY3JlYXRlIjozMDAwMDAwMDAwMDAsImRlbGV0ZSI6MzAwMDAwMDAwMDAwLCJ1cGRhdGUiOjEyMDAwMDAwMDAwMH19",
          "dependencies": [
            "aws_vpc.lab-vpc"
          ]
        }
      ]
    },
    {
      "mode": "managed",
      "type": "aws_route_table",
      "name": "lab-app-rt-b",
      "provider": "provider[\"registry.terraform.io/hashicorp/aws\"]",
      "instances": [
        {
          "schema_version": 0,
          "attributes": {
            "arn": "arn:aws:ec2:ap-northeast-2:533267073442:route-table/rtb-03d4075b375595dda",
            "id": "rtb-03d4075b375595dda",
            "owner_id": "533267073442",
            "propagating_vgws": [],
            "route": [
              {
                "carrier_gateway_id": "",
                "cidr_block": "0.0.0.0/0",
                "core_network_arn": "",
                "destination_prefix_list_id": "",
                "egress_only_gateway_id": "",
                "gateway_id": "",
                "ipv6_cidr_block": "",
                "local_gateway_id": "",
                "nat_gateway_id": "nat-0814bb6e5b73c5fa8",
                "network_interface_id": "",
                "transit_gateway_id": "",
                "vpc_endpoint_id": "",
                "vpc_peering_connection_id": ""
              }
            ],
            "tags": {
              "Name": "lab-app-rt-b"
            },
            "tags_all": {
              "Name": "lab-app-rt-b"
            },
            "timeouts": null,
            "vpc_id": "vpc-024636c3bad3e2cc2"
          },
          "sensitive_attributes": [],
          "private": "eyJlMmJmYjczMC1lY2FhLTExZTYtOGY4OC0zNDM2M2JjN2M0YzAiOnsiY3JlYXRlIjozMDAwMDAwMDAwMDAsImRlbGV0ZSI6MzAwMDAwMDAwMDAwLCJ1cGRhdGUiOjEyMDAwMDAwMDAwMH19",
          "dependencies": [
            "aws_vpc.lab-vpc"
          ]
        }
      ]
    },
    {
      "mode": "managed",
      "type": "aws_route_table",
      "name": "lab-db-rt-a",
      "provider": "provider[\"registry.terraform.io/hashicorp/aws\"]",
      "instances": [
        {
          "schema_version": 0,
          "attributes": {
            "arn": "arn:aws:ec2:ap-northeast-2:533267073442:route-table/rtb-074ed3713607ca082",
            "id": "rtb-074ed3713607ca082",
            "owner_id": "533267073442",
            "propagating_vgws": [],
            "route": [],
            "tags": {
              "Name": "lab-db-rt"
            },
            "tags_all": {
              "Name": "lab-db-rt"
            },
            "timeouts": null,
            "vpc_id": "vpc-024636c3bad3e2cc2"
          },
          "sensitive_attributes": [],
          "private": "eyJlMmJmYjczMC1lY2FhLTExZTYtOGY4OC0zNDM2M2JjN2M0YzAiOnsiY3JlYXRlIjozMDAwMDAwMDAwMDAsImRlbGV0ZSI6MzAwMDAwMDAwMDAwLCJ1cGRhdGUiOjEyMDAwMDAwMDAwMH19",
          "dependencies": [
            "aws_vpc.lab-vpc"
          ]
        }
      ]
    },
    {
      "mode": "managed",
      "type": "aws_route_table",
      "name": "lab-db-rt-b",
      "provider": "provider[\"registry.terraform.io/hashicorp/aws\"]",
      "instances": [
        {
          "schema_version": 0,
          "attributes": {
            "arn": "arn:aws:ec2:ap-northeast-2:533267073442:route-table/rtb-09c4afcf5d903580a",
            "id": "rtb-09c4afcf5d903580a",
            "owner_id": "533267073442",
            "propagating_vgws": [],
            "route": [],
            "tags": {
              "Name": "lab-db-rt"
            },
            "tags_all": {
              "Name": "lab-db-rt"
            },
            "timeouts": null,
            "vpc_id": "vpc-024636c3bad3e2cc2"
          },
          "sensitive_attributes": [],
          "private": "eyJlMmJmYjczMC1lY2FhLTExZTYtOGY4OC0zNDM2M2JjN2M0YzAiOnsiY3JlYXRlIjozMDAwMDAwMDAwMDAsImRlbGV0ZSI6MzAwMDAwMDAwMDAwLCJ1cGRhdGUiOjEyMDAwMDAwMDAwMH19",
          "dependencies": [
            "aws_vpc.lab-vpc"
          ]
        }
      ]
    },
    {
      "mode": "managed",
      "type": "aws_route_table",
      "name": "public-rt",
      "provider": "provider[\"registry.terraform.io/hashicorp/aws\"]",
      "instances": [
        {
          "schema_version": 0,
          "attributes": {
            "arn": "arn:aws:ec2:ap-northeast-2:533267073442:route-table/rtb-0fecc474c67d656c8",
            "id": "rtb-0fecc474c67d656c8",
            "owner_id": "533267073442",
            "propagating_vgws": [],
            "route": [
              {
                "carrier_gateway_id": "",
                "cidr_block": "0.0.0.0/0",
                "core_network_arn": "",
                "destination_prefix_list_id": "",
                "egress_only_gateway_id": "",
                "gateway_id": "igw-09d075df24302fd9e",
                "ipv6_cidr_block": "",
                "local_gateway_id": "",
                "nat_gateway_id": "",
                "network_interface_id": "",
                "transit_gateway_id": "",
                "vpc_endpoint_id": "",
                "vpc_peering_connection_id": ""
              }
            ],
            "tags": {
              "Name": "public-rt"
            },
            "tags_all": {
              "Name": "public-rt"
            },
            "timeouts": null,
            "vpc_id": "vpc-024636c3bad3e2cc2"
          },
          "sensitive_attributes": [],
          "private": "eyJlMmJmYjczMC1lY2FhLTExZTYtOGY4OC0zNDM2M2JjN2M0YzAiOnsiY3JlYXRlIjozMDAwMDAwMDAwMDAsImRlbGV0ZSI6MzAwMDAwMDAwMDAwLCJ1cGRhdGUiOjEyMDAwMDAwMDAwMH19",
          "dependencies": [
            "aws_internet_gateway.IGW",
            "aws_vpc.lab-vpc"
          ]
        }
      ]
    },
    {
      "mode": "managed",
      "type": "aws_route_table",
      "name": "public-rt-b",
      "provider": "provider[\"registry.terraform.io/hashicorp/aws\"]",
      "instances": [
        {
          "schema_version": 0,
          "attributes": {
            "arn": "arn:aws:ec2:ap-northeast-2:533267073442:route-table/rtb-030032212a6f6001e",
            "id": "rtb-030032212a6f6001e",
            "owner_id": "533267073442",
            "propagating_vgws": [],
            "route": [
              {
                "carrier_gateway_id": "",
                "cidr_block": "0.0.0.0/0",
                "core_network_arn": "",
                "destination_prefix_list_id": "",
                "egress_only_gateway_id": "",
                "gateway_id": "igw-09d075df24302fd9e",
                "ipv6_cidr_block": "",
                "local_gateway_id": "",
                "nat_gateway_id": "",
                "network_interface_id": "",
                "transit_gateway_id": "",
                "vpc_endpoint_id": "",
                "vpc_peering_connection_id": ""
              }
            ],
            "tags": {
              "Name": "public-rt-b"
            },
            "tags_all": {
              "Name": "public-rt-b"
            },
            "timeouts": null,
            "vpc_id": "vpc-024636c3bad3e2cc2"
          },
          "sensitive_attributes": [],
          "private": "eyJlMmJmYjczMC1lY2FhLTExZTYtOGY4OC0zNDM2M2JjN2M0YzAiOnsiY3JlYXRlIjozMDAwMDAwMDAwMDAsImRlbGV0ZSI6MzAwMDAwMDAwMDAwLCJ1cGRhdGUiOjEyMDAwMDAwMDAwMH19",
          "dependencies": [
            "aws_internet_gateway.IGW",
            "aws_vpc.lab-vpc"
          ]
        }
      ]
    },
    {
      "mode": "managed",
      "type": "aws_route_table_association",
      "name": "lab-db-rt-a",
      "provider": "provider[\"registry.terraform.io/hashicorp/aws\"]",
      "instances": [
        {
          "schema_version": 0,
          "attributes": {
            "gateway_id": "",
            "id": "rtbassoc-0a06067fdbe9d8581",
            "route_table_id": "rtb-074ed3713607ca082",
            "subnet_id": "subnet-0726b17a4ce71a1a2",
            "timeouts": null
          },
          "sensitive_attributes": [],
          "private": "eyJlMmJmYjczMC1lY2FhLTExZTYtOGY4OC0zNDM2M2JjN2M0YzAiOnsiY3JlYXRlIjozMDAwMDAwMDAwMDAsImRlbGV0ZSI6MzAwMDAwMDAwMDAwLCJ1cGRhdGUiOjEyMDAwMDAwMDAwMH19",
          "dependencies": [
            "aws_route_table.lab-db-rt-a",
            "aws_subnet.db-subnet-a",
            "aws_vpc.lab-vpc"
          ]
        }
      ]
    },
    {
      "mode": "managed",
      "type": "aws_route_table_association",
      "name": "lab-db-rt-b",
      "provider": "provider[\"registry.terraform.io/hashicorp/aws\"]",
      "instances": [
        {
          "schema_version": 0,
          "attributes": {
            "gateway_id": "",
            "id": "rtbassoc-0e12d1971135b5718",
            "route_table_id": "rtb-09c4afcf5d903580a",
            "subnet_id": "subnet-02c98599ea22d8fde",
            "timeouts": null
          },
          "sensitive_attributes": [],
          "private": "eyJlMmJmYjczMC1lY2FhLTExZTYtOGY4OC0zNDM2M2JjN2M0YzAiOnsiY3JlYXRlIjozMDAwMDAwMDAwMDAsImRlbGV0ZSI6MzAwMDAwMDAwMDAwLCJ1cGRhdGUiOjEyMDAwMDAwMDAwMH19",
          "dependencies": [
            "aws_route_table.lab-db-rt-b",
            "aws_subnet.db-subnet-b",
            "aws_vpc.lab-vpc"
          ]
        }
      ]
    },
    {
      "mode": "managed",
      "type": "aws_route_table_association",
      "name": "rt-association-app",
      "provider": "provider[\"registry.terraform.io/hashicorp/aws\"]",
      "instances": [
        {
          "schema_version": 0,
          "attributes": {
            "gateway_id": "",
            "id": "rtbassoc-0edd8fee460c7d3e1",
            "route_table_id": "rtb-0ed14d0ed8ec71663",
            "subnet_id": "subnet-0a63326bc41493367",
            "timeouts": null
          },
          "sensitive_attributes": [],
          "private": "eyJlMmJmYjczMC1lY2FhLTExZTYtOGY4OC0zNDM2M2JjN2M0YzAiOnsiY3JlYXRlIjozMDAwMDAwMDAwMDAsImRlbGV0ZSI6MzAwMDAwMDAwMDAwLCJ1cGRhdGUiOjEyMDAwMDAwMDAwMH19",
          "dependencies": [
            "aws_route_table.lab-app-rt-a",
            "aws_subnet.app-subnet-a",
            "aws_vpc.lab-vpc"
          ]
        }
      ]
    },
    {
      "mode": "managed",
      "type": "aws_route_table_association",
      "name": "rt-association-app-b",
      "provider": "provider[\"registry.terraform.io/hashicorp/aws\"]",
      "instances": [
        {
          "schema_version": 0,
          "attributes": {
            "gateway_id": "",
            "id": "rtbassoc-035bed3b54e61794f",
            "route_table_id": "rtb-03d4075b375595dda",
            "subnet_id": "subnet-0f3e02605c7087e96",
            "timeouts": null
          },
          "sensitive_attributes": [],
          "private": "eyJlMmJmYjczMC1lY2FhLTExZTYtOGY4OC0zNDM2M2JjN2M0YzAiOnsiY3JlYXRlIjozMDAwMDAwMDAwMDAsImRlbGV0ZSI6MzAwMDAwMDAwMDAwLCJ1cGRhdGUiOjEyMDAwMDAwMDAwMH19",
          "dependencies": [
            "aws_route_table.lab-app-rt-b",
            "aws_subnet.app-subnet-b",
            "aws_vpc.lab-vpc"
          ]
        }
      ]
    },
    {
      "mode": "managed",
      "type": "aws_route_table_association",
      "name": "rt-association-web-public",
      "provider": "provider[\"registry.terraform.io/hashicorp/aws\"]",
      "instances": [
        {
          "schema_version": 0,
          "attributes": {
            "gateway_id": "",
            "id": "rtbassoc-08f5be03e3c2ac6df",
            "route_table_id": "rtb-0fecc474c67d656c8",
            "subnet_id": "subnet-0f7d79017e80a12f2",
            "timeouts": null
          },
          "sensitive_attributes": [],
          "private": "eyJlMmJmYjczMC1lY2FhLTExZTYtOGY4OC0zNDM2M2JjN2M0YzAiOnsiY3JlYXRlIjozMDAwMDAwMDAwMDAsImRlbGV0ZSI6MzAwMDAwMDAwMDAwLCJ1cGRhdGUiOjEyMDAwMDAwMDAwMH19",
          "dependencies": [
            "aws_internet_gateway.IGW",
            "aws_route_table.public-rt",
            "aws_subnet.public-subnet",
            "aws_vpc.lab-vpc"
          ]
        }
      ]
    },
    {
      "mode": "managed",
      "type": "aws_route_table_association",
      "name": "rt-association-web-public-b",
      "provider": "provider[\"registry.terraform.io/hashicorp/aws\"]",
      "instances": [
        {
          "schema_version": 0,
          "attributes": {
            "gateway_id": "",
            "id": "rtbassoc-0ba36cb979068fbad",
            "route_table_id": "rtb-0fecc474c67d656c8",
            "subnet_id": "subnet-051a1513f2ef60856",
            "timeouts": null
          },
          "sensitive_attributes": [],
          "private": "eyJlMmJmYjczMC1lY2FhLTExZTYtOGY4OC0zNDM2M2JjN2M0YzAiOnsiY3JlYXRlIjozMDAwMDAwMDAwMDAsImRlbGV0ZSI6MzAwMDAwMDAwMDAwLCJ1cGRhdGUiOjEyMDAwMDAwMDAwMH19",
          "dependencies": [
            "aws_internet_gateway.IGW",
            "aws_route_table.public-rt",
            "aws_subnet.public-subnet-b",
            "aws_vpc.lab-vpc"
          ]
        }
      ]
    },
    {
      "mode": "managed",
      "type": "aws_security_group",
      "name": "lab-alb-sg",
      "provider": "provider[\"registry.terraform.io/hashicorp/aws\"]",
      "instances": [
        {
          "schema_version": 1,
          "attributes": {
            "arn": "arn:aws:ec2:ap-northeast-2:533267073442:security-group/sg-0bc7c53549518d20d",
            "description": "allow all traffic to 80 port",
            "egress": [
              {
                "cidr_blocks": [
                  "0.0.0.0/0"
                ],
                "description": "",
                "from_port": 0,
                "ipv6_cidr_blocks": [],
                "prefix_list_ids": [],
                "protocol": "-1",
                "security_groups": [],
                "self": false,
                "to_port": 0
              }
            ],
            "id": "sg-0bc7c53549518d20d",
            "ingress": [
              {
                "cidr_blocks": [
                  "0.0.0.0/0"
                ],
                "description": "",
                "from_port": 80,
                "ipv6_cidr_blocks": [],
                "prefix_list_ids": [],
                "protocol": "tcp",
                "security_groups": [],
                "self": false,
                "to_port": 80
              }
            ],
            "name": "lab-alb-sg",
            "name_prefix": "",
            "owner_id": "533267073442",
            "revoke_rules_on_delete": false,
            "tags": {
              "Name": "lab-sg-alb"
            },
            "tags_all": {
              "Name": "lab-sg-alb"
            },
            "timeouts": null,
            "vpc_id": "vpc-024636c3bad3e2cc2"
          },
          "sensitive_attributes": [],
          "private": "eyJlMmJmYjczMC1lY2FhLTExZTYtOGY4OC0zNDM2M2JjN2M0YzAiOnsiY3JlYXRlIjo2MDAwMDAwMDAwMDAsImRlbGV0ZSI6OTAwMDAwMDAwMDAwfSwic2NoZW1hX3ZlcnNpb24iOiIxIn0=",
          "dependencies": [
            "aws_vpc.lab-vpc"
          ]
        }
      ]
    },
    {
      "mode": "managed",
      "type": "aws_security_group",
      "name": "lab-appserver-sg",
      "provider": "provider[\"registry.terraform.io/hashicorp/aws\"]",
      "instances": [
        {
          "schema_version": 1,
          "attributes": {
            "arn": "arn:aws:ec2:ap-northeast-2:533267073442:security-group/sg-08e0a5336d6881162",
            "description": "Allow RDS(8000port), SSH(22port) and HTTP(80port)",
            "egress": [
              {
                "cidr_blocks": [
                  "0.0.0.0/0"
                ],
                "description": "",
                "from_port": 0,
                "ipv6_cidr_blocks": [],
                "prefix_list_ids": [],
                "protocol": "-1",
                "security_groups": [],
                "self": false,
                "to_port": 0
              }
            ],
            "id": "sg-08e0a5336d6881162",
            "ingress": [
              {
                "cidr_blocks": [
                  "0.0.0.0/0"
                ],
                "description": "",
                "from_port": 22,
                "ipv6_cidr_blocks": [],
                "prefix_list_ids": [],
                "protocol": "tcp",
                "security_groups": [],
                "self": false,
                "to_port": 22
              },
              {
                "cidr_blocks": [
                  "0.0.0.0/0"
                ],
                "description": "",
                "from_port": 8000,
                "ipv6_cidr_blocks": [],
                "prefix_list_ids": [],
                "protocol": "tcp",
                "security_groups": [],
                "self": false,
                "to_port": 8000
              },
              {
                "cidr_blocks": [
                  "0.0.0.0/0"
                ],
                "description": "",
                "from_port": 80,
                "ipv6_cidr_blocks": [],
                "prefix_list_ids": [],
                "protocol": "tcp",
                "security_groups": [],
                "self": false,
                "to_port": 80
              }
            ],
            "name": "lab-appserver-sg",
            "name_prefix": "",
            "owner_id": "533267073442",
            "revoke_rules_on_delete": false,
            "tags": {},
            "tags_all": {},
            "timeouts": null,
            "vpc_id": "vpc-024636c3bad3e2cc2"
          },
          "sensitive_attributes": [],
          "private": "eyJlMmJmYjczMC1lY2FhLTExZTYtOGY4OC0zNDM2M2JjN2M0YzAiOnsiY3JlYXRlIjo2MDAwMDAwMDAwMDAsImRlbGV0ZSI6OTAwMDAwMDAwMDAwfSwic2NoZW1hX3ZlcnNpb24iOiIxIn0=",
          "dependencies": [
            "aws_vpc.lab-vpc"
          ],
          "create_before_destroy": true
        }
      ]
    },
    {
      "mode": "managed",
      "type": "aws_security_group",
      "name": "lab-bastion-sg",
      "provider": "provider[\"registry.terraform.io/hashicorp/aws\"]",
      "instances": [
        {
          "schema_version": 1,
          "attributes": {
            "arn": "arn:aws:ec2:ap-northeast-2:533267073442:security-group/sg-05e1bb04492118573",
            "description": "Allow SSH traffic",
            "egress": [
              {
                "cidr_blocks": [
                  "0.0.0.0/0"
                ],
                "description": "",
                "from_port": 0,
                "ipv6_cidr_blocks": [],
                "prefix_list_ids": [],
                "protocol": "-1",
                "security_groups": [],
                "self": false,
                "to_port": 0
              }
            ],
            "id": "sg-05e1bb04492118573",
            "ingress": [
              {
                "cidr_blocks": [
                  "0.0.0.0/0"
                ],
                "description": "",
                "from_port": 22,
                "ipv6_cidr_blocks": [],
                "prefix_list_ids": [],
                "protocol": "tcp",
                "security_groups": [],
                "self": false,
                "to_port": 22
              },
              {
                "cidr_blocks": [
                  "0.0.0.0/0"
                ],
                "description": "",
                "from_port": 80,
                "ipv6_cidr_blocks": [],
                "prefix_list_ids": [],
                "protocol": "tcp",
                "security_groups": [],
                "self": false,
                "to_port": 80
              }
            ],
            "name": "lab-bastion_sg",
            "name_prefix": "",
            "owner_id": "533267073442",
            "revoke_rules_on_delete": false,
            "tags": {},
            "tags_all": {},
            "timeouts": null,
            "vpc_id": "vpc-024636c3bad3e2cc2"
          },
          "sensitive_attributes": [],
          "private": "eyJlMmJmYjczMC1lY2FhLTExZTYtOGY4OC0zNDM2M2JjN2M0YzAiOnsiY3JlYXRlIjo2MDAwMDAwMDAwMDAsImRlbGV0ZSI6OTAwMDAwMDAwMDAwfSwic2NoZW1hX3ZlcnNpb24iOiIxIn0=",
          "dependencies": [
            "aws_vpc.lab-vpc"
          ]
        }
      ]
    },
    {
      "mode": "managed",
      "type": "aws_security_group",
      "name": "lab-rds-sg",
      "provider": "provider[\"registry.terraform.io/hashicorp/aws\"]",
      "instances": [
        {
          "schema_version": 1,
          "attributes": {
            "arn": "arn:aws:ec2:ap-northeast-2:533267073442:security-group/sg-0ba68b6b1f1e8d5c8",
            "description": "allow access to RDS",
            "egress": [
              {
                "cidr_blocks": [
                  "0.0.0.0/0"
                ],
                "description": "",
                "from_port": 0,
                "ipv6_cidr_blocks": [],
                "prefix_list_ids": [],
                "protocol": "-1",
                "security_groups": [],
                "self": false,
                "to_port": 0
              }
            ],
            "id": "sg-0ba68b6b1f1e8d5c8",
            "ingress": [
              {
                "cidr_blocks": [
                  "0.0.0.0/0"
                ],
                "description": "",
                "from_port": 3306,
                "ipv6_cidr_blocks": [],
                "prefix_list_ids": [],
                "protocol": "tcp",
                "security_groups": [],
                "self": false,
                "to_port": 3306
              },
              {
                "cidr_blocks": [
                  "10.0.0.0/16"
                ],
                "description": "",
                "from_port": 22,
                "ipv6_cidr_blocks": [],
                "prefix_list_ids": [],
                "protocol": "tcp",
                "security_groups": [],
                "self": false,
                "to_port": 22
              }
            ],
            "name": "lab-rds-sg",
            "name_prefix": "",
            "owner_id": "533267073442",
            "revoke_rules_on_delete": false,
            "tags": {},
            "tags_all": {},
            "timeouts": null,
            "vpc_id": "vpc-024636c3bad3e2cc2"
          },
          "sensitive_attributes": [],
          "private": "eyJlMmJmYjczMC1lY2FhLTExZTYtOGY4OC0zNDM2M2JjN2M0YzAiOnsiY3JlYXRlIjo2MDAwMDAwMDAwMDAsImRlbGV0ZSI6OTAwMDAwMDAwMDAwfSwic2NoZW1hX3ZlcnNpb24iOiIxIn0=",
          "dependencies": [
            "aws_vpc.lab-vpc"
          ]
        }
      ]
    },
    {
      "mode": "managed",
      "type": "aws_subnet",
      "name": "app-subnet-a",
      "provider": "provider[\"registry.terraform.io/hashicorp/aws\"]",
      "instances": [
        {
          "schema_version": 1,
          "attributes": {
            "arn": "arn:aws:ec2:ap-northeast-2:533267073442:subnet/subnet-0a63326bc41493367",
            "assign_ipv6_address_on_creation": false,
            "availability_zone": "ap-northeast-2a",
            "availability_zone_id": "apne2-az1",
            "cidr_block": "10.0.2.0/24",
            "customer_owned_ipv4_pool": "",
            "enable_dns64": false,
            "enable_lni_at_device_index": 0,
            "enable_resource_name_dns_a_record_on_launch": false,
            "enable_resource_name_dns_aaaa_record_on_launch": false,
            "id": "subnet-0a63326bc41493367",
            "ipv6_cidr_block": "",
            "ipv6_cidr_block_association_id": "",
            "ipv6_native": false,
            "map_customer_owned_ip_on_launch": false,
            "map_public_ip_on_launch": false,
            "outpost_arn": "",
            "owner_id": "533267073442",
            "private_dns_hostname_type_on_launch": "ip-name",
            "tags": {
              "Name": "app-subnet-a"
            },
            "tags_all": {
              "Name": "app-subnet-a"
            },
            "timeouts": null,
            "vpc_id": "vpc-024636c3bad3e2cc2"
          },
          "sensitive_attributes": [],
          "private": "eyJlMmJmYjczMC1lY2FhLTExZTYtOGY4OC0zNDM2M2JjN2M0YzAiOnsiY3JlYXRlIjo2MDAwMDAwMDAwMDAsImRlbGV0ZSI6MTIwMDAwMDAwMDAwMH0sInNjaGVtYV92ZXJzaW9uIjoiMSJ9",
          "dependencies": [
            "aws_vpc.lab-vpc"
          ]
        }
      ]
    },
    {
      "mode": "managed",
      "type": "aws_subnet",
      "name": "app-subnet-b",
      "provider": "provider[\"registry.terraform.io/hashicorp/aws\"]",
      "instances": [
        {
          "schema_version": 1,
          "attributes": {
            "arn": "arn:aws:ec2:ap-northeast-2:533267073442:subnet/subnet-0f3e02605c7087e96",
            "assign_ipv6_address_on_creation": false,
            "availability_zone": "ap-northeast-2c",
            "availability_zone_id": "apne2-az3",
            "cidr_block": "10.0.20.0/24",
            "customer_owned_ipv4_pool": "",
            "enable_dns64": false,
            "enable_lni_at_device_index": 0,
            "enable_resource_name_dns_a_record_on_launch": false,
            "enable_resource_name_dns_aaaa_record_on_launch": false,
            "id": "subnet-0f3e02605c7087e96",
            "ipv6_cidr_block": "",
            "ipv6_cidr_block_association_id": "",
            "ipv6_native": false,
            "map_customer_owned_ip_on_launch": false,
            "map_public_ip_on_launch": false,
            "outpost_arn": "",
            "owner_id": "533267073442",
            "private_dns_hostname_type_on_launch": "ip-name",
            "tags": {
              "Name": "app-subnet-b"
            },
            "tags_all": {
              "Name": "app-subnet-b"
            },
            "timeouts": null,
            "vpc_id": "vpc-024636c3bad3e2cc2"
          },
          "sensitive_attributes": [],
          "private": "eyJlMmJmYjczMC1lY2FhLTExZTYtOGY4OC0zNDM2M2JjN2M0YzAiOnsiY3JlYXRlIjo2MDAwMDAwMDAwMDAsImRlbGV0ZSI6MTIwMDAwMDAwMDAwMH0sInNjaGVtYV92ZXJzaW9uIjoiMSJ9",
          "dependencies": [
            "aws_vpc.lab-vpc"
          ]
        }
      ]
    },
    {
      "mode": "managed",
      "type": "aws_subnet",
      "name": "db-subnet-a",
      "provider": "provider[\"registry.terraform.io/hashicorp/aws\"]",
      "instances": [
        {
          "schema_version": 1,
          "attributes": {
            "arn": "arn:aws:ec2:ap-northeast-2:533267073442:subnet/subnet-0726b17a4ce71a1a2",
            "assign_ipv6_address_on_creation": false,
            "availability_zone": "ap-northeast-2a",
            "availability_zone_id": "apne2-az1",
            "cidr_block": "10.0.3.0/24",
            "customer_owned_ipv4_pool": "",
            "enable_dns64": false,
            "enable_lni_at_device_index": 0,
            "enable_resource_name_dns_a_record_on_launch": false,
            "enable_resource_name_dns_aaaa_record_on_launch": false,
            "id": "subnet-0726b17a4ce71a1a2",
            "ipv6_cidr_block": "",
            "ipv6_cidr_block_association_id": "",
            "ipv6_native": false,
            "map_customer_owned_ip_on_launch": false,
            "map_public_ip_on_launch": false,
            "outpost_arn": "",
            "owner_id": "533267073442",
            "private_dns_hostname_type_on_launch": "ip-name",
            "tags": {
              "Name": "db-subnet-a"
            },
            "tags_all": {
              "Name": "db-subnet-a"
            },
            "timeouts": null,
            "vpc_id": "vpc-024636c3bad3e2cc2"
          },
          "sensitive_attributes": [],
          "private": "eyJlMmJmYjczMC1lY2FhLTExZTYtOGY4OC0zNDM2M2JjN2M0YzAiOnsiY3JlYXRlIjo2MDAwMDAwMDAwMDAsImRlbGV0ZSI6MTIwMDAwMDAwMDAwMH0sInNjaGVtYV92ZXJzaW9uIjoiMSJ9",
          "dependencies": [
            "aws_vpc.lab-vpc"
          ]
        }
      ]
    },
    {
      "mode": "managed",
      "type": "aws_subnet",
      "name": "db-subnet-b",
      "provider": "provider[\"registry.terraform.io/hashicorp/aws\"]",
      "instances": [
        {
          "schema_version": 1,
          "attributes": {
            "arn": "arn:aws:ec2:ap-northeast-2:533267073442:subnet/subnet-02c98599ea22d8fde",
            "assign_ipv6_address_on_creation": false,
            "availability_zone": "ap-northeast-2c",
            "availability_zone_id": "apne2-az3",
            "cidr_block": "10.0.30.0/24",
            "customer_owned_ipv4_pool": "",
            "enable_dns64": false,
            "enable_lni_at_device_index": 0,
            "enable_resource_name_dns_a_record_on_launch": false,
            "enable_resource_name_dns_aaaa_record_on_launch": false,
            "id": "subnet-02c98599ea22d8fde",
            "ipv6_cidr_block": "",
            "ipv6_cidr_block_association_id": "",
            "ipv6_native": false,
            "map_customer_owned_ip_on_launch": false,
            "map_public_ip_on_launch": false,
            "outpost_arn": "",
            "owner_id": "533267073442",
            "private_dns_hostname_type_on_launch": "ip-name",
            "tags": {
              "Name": "db-subnet-b"
            },
            "tags_all": {
              "Name": "db-subnet-b"
            },
            "timeouts": null,
            "vpc_id": "vpc-024636c3bad3e2cc2"
          },
          "sensitive_attributes": [],
          "private": "eyJlMmJmYjczMC1lY2FhLTExZTYtOGY4OC0zNDM2M2JjN2M0YzAiOnsiY3JlYXRlIjo2MDAwMDAwMDAwMDAsImRlbGV0ZSI6MTIwMDAwMDAwMDAwMH0sInNjaGVtYV92ZXJzaW9uIjoiMSJ9",
          "dependencies": [
            "aws_vpc.lab-vpc"
          ]
        }
      ]
    },
    {
      "mode": "managed",
      "type": "aws_subnet",
      "name": "public-subnet",
      "provider": "provider[\"registry.terraform.io/hashicorp/aws\"]",
      "instances": [
        {
          "schema_version": 1,
          "attributes": {
            "arn": "arn:aws:ec2:ap-northeast-2:533267073442:subnet/subnet-0f7d79017e80a12f2",
            "assign_ipv6_address_on_creation": false,
            "availability_zone": "ap-northeast-2a",
            "availability_zone_id": "apne2-az1",
            "cidr_block": "10.0.1.0/24",
            "customer_owned_ipv4_pool": "",
            "enable_dns64": false,
            "enable_lni_at_device_index": 0,
            "enable_resource_name_dns_a_record_on_launch": false,
            "enable_resource_name_dns_aaaa_record_on_launch": false,
            "id": "subnet-0f7d79017e80a12f2",
            "ipv6_cidr_block": "",
            "ipv6_cidr_block_association_id": "",
            "ipv6_native": false,
            "map_customer_owned_ip_on_launch": false,
            "map_public_ip_on_launch": false,
            "outpost_arn": "",
            "owner_id": "533267073442",
            "private_dns_hostname_type_on_launch": "ip-name",
            "tags": {
              "Name": "lab-public-subnet"
            },
            "tags_all": {
              "Name": "lab-public-subnet"
            },
            "timeouts": null,
            "vpc_id": "vpc-024636c3bad3e2cc2"
          },
          "sensitive_attributes": [],
          "private": "eyJlMmJmYjczMC1lY2FhLTExZTYtOGY4OC0zNDM2M2JjN2M0YzAiOnsiY3JlYXRlIjo2MDAwMDAwMDAwMDAsImRlbGV0ZSI6MTIwMDAwMDAwMDAwMH0sInNjaGVtYV92ZXJzaW9uIjoiMSJ9",
          "dependencies": [
            "aws_vpc.lab-vpc"
          ]
        }
      ]
    },
    {
      "mode": "managed",
      "type": "aws_subnet",
      "name": "public-subnet-b",
      "provider": "provider[\"registry.terraform.io/hashicorp/aws\"]",
      "instances": [
        {
          "schema_version": 1,
          "attributes": {
            "arn": "arn:aws:ec2:ap-northeast-2:533267073442:subnet/subnet-051a1513f2ef60856",
            "assign_ipv6_address_on_creation": false,
            "availability_zone": "ap-northeast-2c",
            "availability_zone_id": "apne2-az3",
            "cidr_block": "10.0.10.0/24",
            "customer_owned_ipv4_pool": "",
            "enable_dns64": false,
            "enable_lni_at_device_index": 0,
            "enable_resource_name_dns_a_record_on_launch": false,
            "enable_resource_name_dns_aaaa_record_on_launch": false,
            "id": "subnet-051a1513f2ef60856",
            "ipv6_cidr_block": "",
            "ipv6_cidr_block_association_id": "",
            "ipv6_native": false,
            "map_customer_owned_ip_on_launch": false,
            "map_public_ip_on_launch": false,
            "outpost_arn": "",
            "owner_id": "533267073442",
            "private_dns_hostname_type_on_launch": "ip-name",
            "tags": {
              "Name": "lab-public-subnet-b"
            },
            "tags_all": {
              "Name": "lab-public-subnet-b"
            },
            "timeouts": null,
            "vpc_id": "vpc-024636c3bad3e2cc2"
          },
          "sensitive_attributes": [],
          "private": "eyJlMmJmYjczMC1lY2FhLTExZTYtOGY4OC0zNDM2M2JjN2M0YzAiOnsiY3JlYXRlIjo2MDAwMDAwMDAwMDAsImRlbGV0ZSI6MTIwMDAwMDAwMDAwMH0sInNjaGVtYV92ZXJzaW9uIjoiMSJ9",
          "dependencies": [
            "aws_vpc.lab-vpc"
          ]
        }
      ]
    },
    {
      "mode": "managed",
      "type": "aws_vpc",
      "name": "lab-vpc",
      "provider": "provider[\"registry.terraform.io/hashicorp/aws\"]",
      "instances": [
        {
          "schema_version": 1,
          "attributes": {
            "arn": "arn:aws:ec2:ap-northeast-2:533267073442:vpc/vpc-024636c3bad3e2cc2",
            "assign_generated_ipv6_cidr_block": false,
            "cidr_block": "10.0.0.0/16",
            "default_network_acl_id": "acl-03742d1830813a0f6",
            "default_route_table_id": "rtb-05f627fc94f54efad",
            "default_security_group_id": "sg-02d31746b3f6a67a3",
            "dhcp_options_id": "dopt-04657b6c36c791a62",
            "enable_dns_hostnames": true,
            "enable_dns_support": true,
            "enable_network_address_usage_metrics": false,
            "id": "vpc-024636c3bad3e2cc2",
            "instance_tenancy": "default",
            "ipv4_ipam_pool_id": null,
            "ipv4_netmask_length": null,
            "ipv6_association_id": "",
            "ipv6_cidr_block": "",
            "ipv6_cidr_block_network_border_group": "",
            "ipv6_ipam_pool_id": "",
            "ipv6_netmask_length": 0,
            "main_route_table_id": "rtb-05f627fc94f54efad",
            "owner_id": "533267073442",
            "tags": {
              "Name": "lab-hk-vpc"
            },
            "tags_all": {
              "Name": "lab-hk-vpc"
            }
          },
          "sensitive_attributes": [],
          "private": "eyJzY2hlbWFfdmVyc2lvbiI6IjEifQ==",
          "create_before_destroy": true
        }
      ]
    },
    {
      "mode": "managed",
      "type": "local_file",
      "name": "ssh_key",
      "provider": "provider[\"registry.terraform.io/hashicorp/local\"]",
      "instances": [
        {
          "schema_version": 0,
          "attributes": {
            "content": "-----BEGIN RSA PRIVATE KEY-----\nMIIJKgIBAAKCAgEAqadZ0iG+0rGSJu+llti3uZSVchmQZ5VPOwq42iZ2hCXqI6ew\nrlalfiPEQS3RIUyJKGWQsBMBSHV3oWa9x/bVlUdwnj1D4Pmehq4LUFrs+pN16f1t\nov/yZNG4g+2eK/+2ZLJaKjcH/rEtNeaxwUcpZiOELp8zVP1L4tG4WVywXOO3NhLL\nqnX/x1UGb1ALwPE3giu27dkkimVh3DzjWrKClMCG6KVK98BIxDT6egt6roOr7OzK\nSx3qT2kkBhl9LUK+twXUIFhLa1p1nXD5XlMoJLWFbvgwO7DhoE6477b3UTHOdpU5\ngLjsFb3z+cwjLFJZVSeAmyGhD4tqC3isDtgKpHvircJ7Prhn3/5EPj95LR3Fd5Qf\nByN8La4pC/bK02+qQOD23nhnXHdGNWGniMXn28gjqcNtd4LAZc7PCQnqtuu8VTuM\n5DnjHWQE1mQk0YpppSMv/lZKMIuuLytwy7KNdik5nkg04nRWCDN+0abo7BRZ7wsu\nfDfsUWnuoPY9uCrZwwg+CFhhKQwuAdDVbnKrwIrmc+dn5LWTl/rZU/Bx2ICmIndZ\n1u7sK8Ym+zrHC1WPSd330jE1q7FumEYazyKV4i6oDeCOTKftSDufJceAI33eASAN\nMVaqn6NmioIxf6nKHHCKEEbhbLUlWITIMBPW3fusDy3UhgEUQ8Ix0+LLFk8CAwEA\nAQKCAgBu3McbQ6X49MS24N9qZZAZm3jVKNNufOlbgbQuCfhkfoo0Zn5UTpayiRjU\nJuaERglS9pvIE4NBIFHejM7zft8vP5HeNdbHixcGl3EZP3GghQAGue8NFwgEze8v\ndvVndyBvSQUWlQOKcalDkc8SqDfrYMYd2TaoESWnwLgg3Sr6aGvuz/V7HMTaMzuT\nPdGQcZB+ZaaSYtU4AuwiCT/gosol/nGqUWld4K8sWBpd6mZu5+hPWKUQ1SmqXuCF\ng96C1xzdaNenk0slieVVzt+Fvf17j4r0awbJ2tp18Tt0mjGfQ1bRss3yyeSsiIaH\n89gAPIfX14p41U70Y3wWpvJ4eMDqjxNHuHhxprVeEdY6IF7oKPSlkjOEXMqojyZb\n7AMxOX54QOlKPHWOFsHYiXMLZJapb7qcIzszPRspU6DDcP41KxWO/uK7n+817mbe\nD2SjJWsmrab8mQBTiEHRi5dhCUfQg5IH6mwus2dUMFDO3hXUF6uTQ1PDENYtxcL4\njzh8Y9JWct0Zn16mLmsoexc8I20Los0uRSp6LQ+xDwZIe86D9i50zB4EsXbQSQCK\nIBvrPd1o6JMPnhb3RJefifeuc0OIqfT7JG4N9D6RcMDtuIfcw92O6sQsOs8dM0mm\nChFwnjLfJFMfcEfjqOU63zyT6XbStDcqDW8cBBg+Jsq3GqZf4QKCAQEA0ADFnulF\nzVT3lUE5S24F0tOAXozFErbHR/O0DlZKo0BytSiJrrk8Iwg1A7ulZav87rBT7qYG\n6wHYyIkovvIIT7/emvcKGry/NcFN/sQhAaPbIS/ViIJVgOAg+EBduYlGFsW+q++o\nFZFC0KhFX32LMmtkC8PwiCZ1msV1zikqe8lyr55wEIfLC9Y8vM1HaBVlALMYV2EF\nU/QAebIQygdz/vGYCf9kJz9wz0l19mA8ArjAGYPtDpOXKL8fjsf6tzgmV7HMkyDf\nDYDXeKH03wJvyNqjtSzrEVG/m61nqPQBvUrkN5dRu5q+EpjkN1qXCEINF+8YufCg\nocYYcFJB3aVlVwKCAQEA0M0yAzfQ9/GVaK/uCxNKuq/ioQgQEP39Et/Cs/bsjMPL\neRBv/Ny/t0rt7IoTjuUxrHx1QDOuR9IGCClO8/yBvr99mDfeMciE6AuUN+ImoQEc\naUjxLPa0mi1pnTc3ap99MyKj0amWJFe3e/A4kv89v66ENrEOVMXzXJOFgIUOP/hg\nq4ZITvkNM19L3IZbmufBVzG2n9z8JhAH/PeKGsPeLBEIkI6UsD7EOAdt5w3OXlK/\n6c0qH2z0Vz6l6Og1nFv6C+Px4vU2+jf+hTaoWGtnDQzpnbEXvBqHI8PvkuLUkQF0\nBycP9qzRLmWmC7+qGvOVxq/6Q0v1a88hUacnWKWDyQKCAQEAk/04nYuS4jhlvoed\nYBFzi0B3wM2fGWV5+7NklB7JE8Wy1zl0XB/mrXYVYgaL8v6fAqPp043EtkemGWec\n2d4SE8uLce35/nP0Byb1eyHH6gbOzZne7zTr6LmOO5JwHKWSfHlM47+rc0zaoOJY\nGUyVUNYfZE+QPw499lQvMPMRCumU82ZijSBQUqempx3WhDNUnV7PHrwkskqUXAFY\n+KS83tK9Pb+7XkFA3fqCNzzY9YbFBmJas1hG3/K7XTbjJqCIhzQ1PSjSCiV1KJry\nQgjVx63nc+v1g2kKTpTdf9O7uRYjsXmz6Sp7uXeWR9voQTPdZP30NbcCUpdCpAei\nXTRkGQKCAQEAkgsj8wpEWFgaR9nd5tM8jq1dF4L7Mddk/qGRnqyUMbT1CZ2MptGE\nKuD2316IZYc7okh+/kPnn4Zv/59dANzZpyBq6WASQsHc7CzFI/1DRZPwWlfRkMCR\n+9DNsVAgq6wYNv8AlDJIuOy9gqu39mEewIaBJXvb6UF3gYYRd54ZJHdGrlJDGzGp\noQgDmKBFTGjTW3iDIve/SaQm4jIF38imCi5zziBcMZYFSqcvoM+QS3sXjqGY19gu\nYyOHigt5C/9tOonZ8wPOy18E4Aol34pnzsH8WPa4AjKP2V0/oX6UbUQV8rbIvKGN\nwiUI6ejKQwWi+hC2PAHSC/EZffIrXB6QuQKCAQEAqXC0LFBbLDj/HpIiPiqkmfY1\nYc+MN4Kk7aLSGXv9oVZ+P0aSW5Rtda0NeuffvttwDmQ97dV1tHAK+UitIvZTK0IN\nn6R/5HC14RP+fNIwIqbRftLpJGfjo5rMwcubkd4q1lALbeHLkD9RrPbg7IaVdVYf\nJYC0Pp4lVN5FTAm/9EqWLv1Gqf01/CA6cPn2ZzbBG22YHNtCPX5Z6C0JyMYbN6L0\nPzDrCktenxgV3zXBuodm4F6BFlV0qouEkqMz2KH1VIz0YWRFuBoBbl96wPxE5dJF\ncDR+YCpLn4nOwM93AkGFaNNzuy+GWn2k1MwaOSf0XKIPfW6Byx07W+HoHWIT3A==\n-----END RSA PRIVATE KEY-----\n",
            "content_base64": null,
            "content_base64sha256": "MDxhS98ijxQLuAd7HUr78TURnMmKoFaZE4/Vf/hvKI8=",
            "content_base64sha512": "tKjBa/sw1DtIwwPg3nKhv8QrFaGzxQP4KdCE5gbyWFMInAmfhRJTdKGxuG99tvNpX7/1SZNqOeczAPwoaB4Qlg==",
            "content_md5": "d77e9d87efeb7315569508cdea5c1353",
            "content_sha1": "9a0dc6ff8537552a29cf39ad5be4049b090be123",
            "content_sha256": "303c614bdf228f140bb8077b1d4afbf135119cc98aa05699138fd57ff86f288f",
            "content_sha512": "b4a8c16bfb30d43b48c303e0de72a1bfc42b15a1b3c503f829d084e606f25853089c099f85125374a1b1b86f7db6f3695fbff549936a39e73300fc28681e1096",
            "directory_permission": "0777",
            "file_permission": "0600",
            "filename": "hk_keypair.pem",
            "id": "9a0dc6ff8537552a29cf39ad5be4049b090be123",
            "sensitive_content": null,
            "source": null
          },
          "sensitive_attributes": [
            [
              {
                "type": "get_attr",
                "value": "content"
              }
            ],
            [
              {
                "type": "get_attr",
                "value": "sensitive_content"
              }
            ]
          ],
          "dependencies": [
            "aws_key_pair.hk_keypair",
            "tls_private_key.hk_keypair"
          ]
        }
      ]
    },
    {
      "mode": "managed",
      "type": "tls_private_key",
      "name": "hk_keypair",
      "provider": "provider[\"registry.terraform.io/hashicorp/tls\"]",
      "instances": [
        {
          "schema_version": 1,
          "attributes": {
            "algorithm": "RSA",
            "ecdsa_curve": "P224",
            "id": "4b369e4b61e2d63a8b42dcd1b143e58f695b5848",
            "private_key_openssh": "-----BEGIN OPENSSH PRIVATE KEY-----\nb3BlbnNzaC1rZXktdjEAAAAABG5vbmUAAAAEbm9uZQAAAAAAAAABAAACFwAAAAdz\nc2gtcnNhAAAAAwEAAQAAAgEAqadZ0iG+0rGSJu+llti3uZSVchmQZ5VPOwq42iZ2\nhCXqI6ewrlalfiPEQS3RIUyJKGWQsBMBSHV3oWa9x/bVlUdwnj1D4Pmehq4LUFrs\n+pN16f1tov/yZNG4g+2eK/+2ZLJaKjcH/rEtNeaxwUcpZiOELp8zVP1L4tG4WVyw\nXOO3NhLLqnX/x1UGb1ALwPE3giu27dkkimVh3DzjWrKClMCG6KVK98BIxDT6egt6\nroOr7OzKSx3qT2kkBhl9LUK+twXUIFhLa1p1nXD5XlMoJLWFbvgwO7DhoE6477b3\nUTHOdpU5gLjsFb3z+cwjLFJZVSeAmyGhD4tqC3isDtgKpHvircJ7Prhn3/5EPj95\nLR3Fd5QfByN8La4pC/bK02+qQOD23nhnXHdGNWGniMXn28gjqcNtd4LAZc7PCQnq\ntuu8VTuM5DnjHWQE1mQk0YpppSMv/lZKMIuuLytwy7KNdik5nkg04nRWCDN+0abo\n7BRZ7wsufDfsUWnuoPY9uCrZwwg+CFhhKQwuAdDVbnKrwIrmc+dn5LWTl/rZU/Bx\n2ICmIndZ1u7sK8Ym+zrHC1WPSd330jE1q7FumEYazyKV4i6oDeCOTKftSDufJceA\nI33eASANMVaqn6NmioIxf6nKHHCKEEbhbLUlWITIMBPW3fusDy3UhgEUQ8Ix0+LL\nFk8AAAc4c3VyI3N1ciMAAAAHc3NoLXJzYQAAAgEAqadZ0iG+0rGSJu+llti3uZSV\nchmQZ5VPOwq42iZ2hCXqI6ewrlalfiPEQS3RIUyJKGWQsBMBSHV3oWa9x/bVlUdw\nnj1D4Pmehq4LUFrs+pN16f1tov/yZNG4g+2eK/+2ZLJaKjcH/rEtNeaxwUcpZiOE\nLp8zVP1L4tG4WVywXOO3NhLLqnX/x1UGb1ALwPE3giu27dkkimVh3DzjWrKClMCG\n6KVK98BIxDT6egt6roOr7OzKSx3qT2kkBhl9LUK+twXUIFhLa1p1nXD5XlMoJLWF\nbvgwO7DhoE6477b3UTHOdpU5gLjsFb3z+cwjLFJZVSeAmyGhD4tqC3isDtgKpHvi\nrcJ7Prhn3/5EPj95LR3Fd5QfByN8La4pC/bK02+qQOD23nhnXHdGNWGniMXn28gj\nqcNtd4LAZc7PCQnqtuu8VTuM5DnjHWQE1mQk0YpppSMv/lZKMIuuLytwy7KNdik5\nnkg04nRWCDN+0abo7BRZ7wsufDfsUWnuoPY9uCrZwwg+CFhhKQwuAdDVbnKrwIrm\nc+dn5LWTl/rZU/Bx2ICmIndZ1u7sK8Ym+zrHC1WPSd330jE1q7FumEYazyKV4i6o\nDeCOTKftSDufJceAI33eASANMVaqn6NmioIxf6nKHHCKEEbhbLUlWITIMBPW3fus\nDy3UhgEUQ8Ix0+LLFk8AAAADAQABAAACAG7cxxtDpfj0xLbg32plkBmbeNUo0258\n6VuBtC4J+GR+ijRmflROlrKJGNQm5oRGCVL2m8gTg0EgUd6MzvN+3y8/kd411seL\nFwaXcRk/caCFAAa57w0XCATN7y929Wd3IG9JBRaVA4pxqUORzxKoN+tgxh3ZNqgR\nJafAuCDdKvpoa+7P9XscxNozO5M90ZBxkH5lppJi1TgC7CIJP+CiyiX+capRaV3g\nryxYGl3qZm7n6E9YpRDVKape4IWD3oLXHN1o16eTSyWJ5VXO34W9/XuPivRrBsna\n2nXxO3SaMZ9DVtGyzfLJ5KyIhofz2AA8h9fXinjVTvRjfBam8nh4wOqPE0e4eHGm\ntV4R1jogXugo9KWSM4RcyqiPJlvsAzE5fnhA6Uo8dY4WwdiJcwtklqlvupwjOzM9\nGylToMNw/jUrFY7+4ruf7zXuZt4PZKMlayatpvyZAFOIQdGLl2EJR9CDkgfqbC6z\nZ1QwUM7eFdQXq5NDU8MQ1i3FwviPOHxj0lZy3RmfXqYuayh7FzwjbQuizS5FKnot\nD7EPBkh7zoP2LnTMHgSxdtBJAIogG+s93Wjokw+eFvdEl5+J965zQ4ip9Pskbg30\nPpFwwO24h9zD3Y7qxCw6zx0zSaYKEXCeMt8kUx9wR+Oo5TrfPJPpdtK0NyoNbxwE\nGD4myrcapl/hAAABAQCpcLQsUFssOP8ekiI+KqSZ9jVhz4w3gqTtotIZe/2hVn4/\nRpJblG11rQ1659++23AOZD3t1XW0cAr5SK0i9lMrQg2fpH/kcLXhE/580jAiptF+\n0ukkZ+OjmszBy5uR3irWUAtt4cuQP1Gs9uDshpV1Vh8lgLQ+niVU3kVMCb/0SpYu\n/Uap/TX8IDpw+fZnNsEbbZgc20I9flnoLQnIxhs3ovQ/MOsKS16fGBXfNcG6h2bg\nXoEWVXSqi4SSozPYofVUjPRhZEW4GgFuX3rA/ETl0kVwNH5gKkufic7Az3cCQYVo\n03O7L4ZafaTUzBo5J/Rcog99boHLHTtb4egdYhPcAAABAQDQAMWe6UXNVPeVQTlL\nbgXS04BejMUStsdH87QOVkqjQHK1KImuuTwjCDUDu6Vlq/zusFPupgbrAdjIiSi+\n8ghPv96a9woavL81wU3+xCEBo9shL9WIglWA4CD4QF25iUYWxb6r76gVkULQqEVf\nfYsya2QLw/CIJnWaxXXOKSp7yXKvnnAQh8sL1jy8zUdoFWUAsxhXYQVT9AB5shDK\nB3P+8ZgJ/2QnP3DPSXX2YDwCuMAZg+0Ok5covx+Ox/q3OCZXscyTIN8NgNd4ofTf\nAm/I2qO1LOsRUb+brWeo9AG9SuQ3l1G7mr4SmOQ3WpcIQg0X7xi58KChxhhwUkHd\npWVXAAABAQDQzTIDN9D38ZVor+4LE0q6r+KhCBAQ/f0S38Kz9uyMw8t5EG/83L+3\nSu3sihOO5TGsfHVAM65H0gYIKU7z/IG+v32YN94xyIToC5Q34iahARxpSPEs9rSa\nLWmdNzdqn30zIqPRqZYkV7d78DiS/z2/roQ2sQ5UxfNck4WAhQ4/+GCrhkhO+Q0z\nX0vchlua58FXMbaf3PwmEAf894oaw94sEQiQjpSwPsQ4B23nDc5eUr/pzSofbPRX\nPqXo6DWcW/oL4/Hi9Tb6N/6FNqhYa2cNDOmdsRe8Gocjw++S4tSRAXQHJw/2rNEu\nZaYLv6oa85XGr/pDS/VrzyFRpydYpYPJAAAAAAEC\n-----END OPENSSH PRIVATE KEY-----\n",
            "private_key_pem": "-----BEGIN RSA PRIVATE KEY-----\nMIIJKgIBAAKCAgEAqadZ0iG+0rGSJu+llti3uZSVchmQZ5VPOwq42iZ2hCXqI6ew\nrlalfiPEQS3RIUyJKGWQsBMBSHV3oWa9x/bVlUdwnj1D4Pmehq4LUFrs+pN16f1t\nov/yZNG4g+2eK/+2ZLJaKjcH/rEtNeaxwUcpZiOELp8zVP1L4tG4WVywXOO3NhLL\nqnX/x1UGb1ALwPE3giu27dkkimVh3DzjWrKClMCG6KVK98BIxDT6egt6roOr7OzK\nSx3qT2kkBhl9LUK+twXUIFhLa1p1nXD5XlMoJLWFbvgwO7DhoE6477b3UTHOdpU5\ngLjsFb3z+cwjLFJZVSeAmyGhD4tqC3isDtgKpHvircJ7Prhn3/5EPj95LR3Fd5Qf\nByN8La4pC/bK02+qQOD23nhnXHdGNWGniMXn28gjqcNtd4LAZc7PCQnqtuu8VTuM\n5DnjHWQE1mQk0YpppSMv/lZKMIuuLytwy7KNdik5nkg04nRWCDN+0abo7BRZ7wsu\nfDfsUWnuoPY9uCrZwwg+CFhhKQwuAdDVbnKrwIrmc+dn5LWTl/rZU/Bx2ICmIndZ\n1u7sK8Ym+zrHC1WPSd330jE1q7FumEYazyKV4i6oDeCOTKftSDufJceAI33eASAN\nMVaqn6NmioIxf6nKHHCKEEbhbLUlWITIMBPW3fusDy3UhgEUQ8Ix0+LLFk8CAwEA\nAQKCAgBu3McbQ6X49MS24N9qZZAZm3jVKNNufOlbgbQuCfhkfoo0Zn5UTpayiRjU\nJuaERglS9pvIE4NBIFHejM7zft8vP5HeNdbHixcGl3EZP3GghQAGue8NFwgEze8v\ndvVndyBvSQUWlQOKcalDkc8SqDfrYMYd2TaoESWnwLgg3Sr6aGvuz/V7HMTaMzuT\nPdGQcZB+ZaaSYtU4AuwiCT/gosol/nGqUWld4K8sWBpd6mZu5+hPWKUQ1SmqXuCF\ng96C1xzdaNenk0slieVVzt+Fvf17j4r0awbJ2tp18Tt0mjGfQ1bRss3yyeSsiIaH\n89gAPIfX14p41U70Y3wWpvJ4eMDqjxNHuHhxprVeEdY6IF7oKPSlkjOEXMqojyZb\n7AMxOX54QOlKPHWOFsHYiXMLZJapb7qcIzszPRspU6DDcP41KxWO/uK7n+817mbe\nD2SjJWsmrab8mQBTiEHRi5dhCUfQg5IH6mwus2dUMFDO3hXUF6uTQ1PDENYtxcL4\njzh8Y9JWct0Zn16mLmsoexc8I20Los0uRSp6LQ+xDwZIe86D9i50zB4EsXbQSQCK\nIBvrPd1o6JMPnhb3RJefifeuc0OIqfT7JG4N9D6RcMDtuIfcw92O6sQsOs8dM0mm\nChFwnjLfJFMfcEfjqOU63zyT6XbStDcqDW8cBBg+Jsq3GqZf4QKCAQEA0ADFnulF\nzVT3lUE5S24F0tOAXozFErbHR/O0DlZKo0BytSiJrrk8Iwg1A7ulZav87rBT7qYG\n6wHYyIkovvIIT7/emvcKGry/NcFN/sQhAaPbIS/ViIJVgOAg+EBduYlGFsW+q++o\nFZFC0KhFX32LMmtkC8PwiCZ1msV1zikqe8lyr55wEIfLC9Y8vM1HaBVlALMYV2EF\nU/QAebIQygdz/vGYCf9kJz9wz0l19mA8ArjAGYPtDpOXKL8fjsf6tzgmV7HMkyDf\nDYDXeKH03wJvyNqjtSzrEVG/m61nqPQBvUrkN5dRu5q+EpjkN1qXCEINF+8YufCg\nocYYcFJB3aVlVwKCAQEA0M0yAzfQ9/GVaK/uCxNKuq/ioQgQEP39Et/Cs/bsjMPL\neRBv/Ny/t0rt7IoTjuUxrHx1QDOuR9IGCClO8/yBvr99mDfeMciE6AuUN+ImoQEc\naUjxLPa0mi1pnTc3ap99MyKj0amWJFe3e/A4kv89v66ENrEOVMXzXJOFgIUOP/hg\nq4ZITvkNM19L3IZbmufBVzG2n9z8JhAH/PeKGsPeLBEIkI6UsD7EOAdt5w3OXlK/\n6c0qH2z0Vz6l6Og1nFv6C+Px4vU2+jf+hTaoWGtnDQzpnbEXvBqHI8PvkuLUkQF0\nBycP9qzRLmWmC7+qGvOVxq/6Q0v1a88hUacnWKWDyQKCAQEAk/04nYuS4jhlvoed\nYBFzi0B3wM2fGWV5+7NklB7JE8Wy1zl0XB/mrXYVYgaL8v6fAqPp043EtkemGWec\n2d4SE8uLce35/nP0Byb1eyHH6gbOzZne7zTr6LmOO5JwHKWSfHlM47+rc0zaoOJY\nGUyVUNYfZE+QPw499lQvMPMRCumU82ZijSBQUqempx3WhDNUnV7PHrwkskqUXAFY\n+KS83tK9Pb+7XkFA3fqCNzzY9YbFBmJas1hG3/K7XTbjJqCIhzQ1PSjSCiV1KJry\nQgjVx63nc+v1g2kKTpTdf9O7uRYjsXmz6Sp7uXeWR9voQTPdZP30NbcCUpdCpAei\nXTRkGQKCAQEAkgsj8wpEWFgaR9nd5tM8jq1dF4L7Mddk/qGRnqyUMbT1CZ2MptGE\nKuD2316IZYc7okh+/kPnn4Zv/59dANzZpyBq6WASQsHc7CzFI/1DRZPwWlfRkMCR\n+9DNsVAgq6wYNv8AlDJIuOy9gqu39mEewIaBJXvb6UF3gYYRd54ZJHdGrlJDGzGp\noQgDmKBFTGjTW3iDIve/SaQm4jIF38imCi5zziBcMZYFSqcvoM+QS3sXjqGY19gu\nYyOHigt5C/9tOonZ8wPOy18E4Aol34pnzsH8WPa4AjKP2V0/oX6UbUQV8rbIvKGN\nwiUI6ejKQwWi+hC2PAHSC/EZffIrXB6QuQKCAQEAqXC0LFBbLDj/HpIiPiqkmfY1\nYc+MN4Kk7aLSGXv9oVZ+P0aSW5Rtda0NeuffvttwDmQ97dV1tHAK+UitIvZTK0IN\nn6R/5HC14RP+fNIwIqbRftLpJGfjo5rMwcubkd4q1lALbeHLkD9RrPbg7IaVdVYf\nJYC0Pp4lVN5FTAm/9EqWLv1Gqf01/CA6cPn2ZzbBG22YHNtCPX5Z6C0JyMYbN6L0\nPzDrCktenxgV3zXBuodm4F6BFlV0qouEkqMz2KH1VIz0YWRFuBoBbl96wPxE5dJF\ncDR+YCpLn4nOwM93AkGFaNNzuy+GWn2k1MwaOSf0XKIPfW6Byx07W+HoHWIT3A==\n-----END RSA PRIVATE KEY-----\n",
            "private_key_pem_pkcs8": "-----BEGIN PRIVATE KEY-----\nMIIJRAIBADANBgkqhkiG9w0BAQEFAASCCS4wggkqAgEAAoICAQCpp1nSIb7SsZIm\n76WW2Le5lJVyGZBnlU87CrjaJnaEJeojp7CuVqV+I8RBLdEhTIkoZZCwEwFIdXeh\nZr3H9tWVR3CePUPg+Z6GrgtQWuz6k3Xp/W2i//Jk0biD7Z4r/7ZksloqNwf+sS01\n5rHBRylmI4QunzNU/Uvi0bhZXLBc47c2Esuqdf/HVQZvUAvA8TeCK7bt2SSKZWHc\nPONasoKUwIbopUr3wEjENPp6C3qug6vs7MpLHepPaSQGGX0tQr63BdQgWEtrWnWd\ncPleUygktYVu+DA7sOGgTrjvtvdRMc52lTmAuOwVvfP5zCMsUllVJ4CbIaEPi2oL\neKwO2Aqke+Ktwns+uGff/kQ+P3ktHcV3lB8HI3wtrikL9srTb6pA4PbeeGdcd0Y1\nYaeIxefbyCOpw213gsBlzs8JCeq267xVO4zkOeMdZATWZCTRimmlIy/+Vkowi64v\nK3DLso12KTmeSDTidFYIM37RpujsFFnvCy58N+xRae6g9j24KtnDCD4IWGEpDC4B\n0NVucqvAiuZz52fktZOX+tlT8HHYgKYid1nW7uwrxib7OscLVY9J3ffSMTWrsW6Y\nRhrPIpXiLqgN4I5Mp+1IO58lx4Ajfd4BIA0xVqqfo2aKgjF/qcoccIoQRuFstSVY\nhMgwE9bd+6wPLdSGARRDwjHT4ssWTwIDAQABAoICAG7cxxtDpfj0xLbg32plkBmb\neNUo02586VuBtC4J+GR+ijRmflROlrKJGNQm5oRGCVL2m8gTg0EgUd6MzvN+3y8/\nkd411seLFwaXcRk/caCFAAa57w0XCATN7y929Wd3IG9JBRaVA4pxqUORzxKoN+tg\nxh3ZNqgRJafAuCDdKvpoa+7P9XscxNozO5M90ZBxkH5lppJi1TgC7CIJP+CiyiX+\ncapRaV3gryxYGl3qZm7n6E9YpRDVKape4IWD3oLXHN1o16eTSyWJ5VXO34W9/XuP\nivRrBsna2nXxO3SaMZ9DVtGyzfLJ5KyIhofz2AA8h9fXinjVTvRjfBam8nh4wOqP\nE0e4eHGmtV4R1jogXugo9KWSM4RcyqiPJlvsAzE5fnhA6Uo8dY4WwdiJcwtklqlv\nupwjOzM9GylToMNw/jUrFY7+4ruf7zXuZt4PZKMlayatpvyZAFOIQdGLl2EJR9CD\nkgfqbC6zZ1QwUM7eFdQXq5NDU8MQ1i3FwviPOHxj0lZy3RmfXqYuayh7FzwjbQui\nzS5FKnotD7EPBkh7zoP2LnTMHgSxdtBJAIogG+s93Wjokw+eFvdEl5+J965zQ4ip\n9Pskbg30PpFwwO24h9zD3Y7qxCw6zx0zSaYKEXCeMt8kUx9wR+Oo5TrfPJPpdtK0\nNyoNbxwEGD4myrcapl/hAoIBAQDQAMWe6UXNVPeVQTlLbgXS04BejMUStsdH87QO\nVkqjQHK1KImuuTwjCDUDu6Vlq/zusFPupgbrAdjIiSi+8ghPv96a9woavL81wU3+\nxCEBo9shL9WIglWA4CD4QF25iUYWxb6r76gVkULQqEVffYsya2QLw/CIJnWaxXXO\nKSp7yXKvnnAQh8sL1jy8zUdoFWUAsxhXYQVT9AB5shDKB3P+8ZgJ/2QnP3DPSXX2\nYDwCuMAZg+0Ok5covx+Ox/q3OCZXscyTIN8NgNd4ofTfAm/I2qO1LOsRUb+brWeo\n9AG9SuQ3l1G7mr4SmOQ3WpcIQg0X7xi58KChxhhwUkHdpWVXAoIBAQDQzTIDN9D3\n8ZVor+4LE0q6r+KhCBAQ/f0S38Kz9uyMw8t5EG/83L+3Su3sihOO5TGsfHVAM65H\n0gYIKU7z/IG+v32YN94xyIToC5Q34iahARxpSPEs9rSaLWmdNzdqn30zIqPRqZYk\nV7d78DiS/z2/roQ2sQ5UxfNck4WAhQ4/+GCrhkhO+Q0zX0vchlua58FXMbaf3Pwm\nEAf894oaw94sEQiQjpSwPsQ4B23nDc5eUr/pzSofbPRXPqXo6DWcW/oL4/Hi9Tb6\nN/6FNqhYa2cNDOmdsRe8Gocjw++S4tSRAXQHJw/2rNEuZaYLv6oa85XGr/pDS/Vr\nzyFRpydYpYPJAoIBAQCT/Tidi5LiOGW+h51gEXOLQHfAzZ8ZZXn7s2SUHskTxbLX\nOXRcH+atdhViBovy/p8Co+nTjcS2R6YZZ5zZ3hITy4tx7fn+c/QHJvV7IcfqBs7N\nmd7vNOvouY47knAcpZJ8eUzjv6tzTNqg4lgZTJVQ1h9kT5A/Dj32VC8w8xEK6ZTz\nZmKNIFBSp6anHdaEM1SdXs8evCSySpRcAVj4pLze0r09v7teQUDd+oI3PNj1hsUG\nYlqzWEbf8rtdNuMmoIiHNDU9KNIKJXUomvJCCNXHredz6/WDaQpOlN1/07u5FiOx\nebPpKnu5d5ZH2+hBM91k/fQ1twJSl0KkB6JdNGQZAoIBAQCSCyPzCkRYWBpH2d3m\n0zyOrV0Xgvsx12T+oZGerJQxtPUJnYym0YQq4PbfXohlhzuiSH7+Q+efhm//n10A\n3NmnIGrpYBJCwdzsLMUj/UNFk/BaV9GQwJH70M2xUCCrrBg2/wCUMki47L2Cq7f2\nYR7AhoEle9vpQXeBhhF3nhkkd0auUkMbMamhCAOYoEVMaNNbeIMi979JpCbiMgXf\nyKYKLnPOIFwxlgVKpy+gz5BLexeOoZjX2C5jI4eKC3kL/206idnzA87LXwTgCiXf\nimfOwfxY9rgCMo/ZXT+hfpRtRBXytsi8oY3CJQjp6MpDBaL6ELY8AdIL8Rl98itc\nHpC5AoIBAQCpcLQsUFssOP8ekiI+KqSZ9jVhz4w3gqTtotIZe/2hVn4/RpJblG11\nrQ1659++23AOZD3t1XW0cAr5SK0i9lMrQg2fpH/kcLXhE/580jAiptF+0ukkZ+Oj\nmszBy5uR3irWUAtt4cuQP1Gs9uDshpV1Vh8lgLQ+niVU3kVMCb/0SpYu/Uap/TX8\nIDpw+fZnNsEbbZgc20I9flnoLQnIxhs3ovQ/MOsKS16fGBXfNcG6h2bgXoEWVXSq\ni4SSozPYofVUjPRhZEW4GgFuX3rA/ETl0kVwNH5gKkufic7Az3cCQYVo03O7L4Za\nfaTUzBo5J/Rcog99boHLHTtb4egdYhPc\n-----END PRIVATE KEY-----\n",
            "public_key_fingerprint_md5": "d2:12:ee:1a:0f:89:9b:a9:27:a1:1c:f5:e1:0f:3a:2e",
            "public_key_fingerprint_sha256": "SHA256:k6wZKfPsHub6qXMov3CLSph1VVIbpb9/WZLpF5ddIi8",
            "public_key_openssh": "ssh-rsa AAAAB3NzaC1yc2EAAAADAQABAAACAQCpp1nSIb7SsZIm76WW2Le5lJVyGZBnlU87CrjaJnaEJeojp7CuVqV+I8RBLdEhTIkoZZCwEwFIdXehZr3H9tWVR3CePUPg+Z6GrgtQWuz6k3Xp/W2i//Jk0biD7Z4r/7ZksloqNwf+sS015rHBRylmI4QunzNU/Uvi0bhZXLBc47c2Esuqdf/HVQZvUAvA8TeCK7bt2SSKZWHcPONasoKUwIbopUr3wEjENPp6C3qug6vs7MpLHepPaSQGGX0tQr63BdQgWEtrWnWdcPleUygktYVu+DA7sOGgTrjvtvdRMc52lTmAuOwVvfP5zCMsUllVJ4CbIaEPi2oLeKwO2Aqke+Ktwns+uGff/kQ+P3ktHcV3lB8HI3wtrikL9srTb6pA4PbeeGdcd0Y1YaeIxefbyCOpw213gsBlzs8JCeq267xVO4zkOeMdZATWZCTRimmlIy/+Vkowi64vK3DLso12KTmeSDTidFYIM37RpujsFFnvCy58N+xRae6g9j24KtnDCD4IWGEpDC4B0NVucqvAiuZz52fktZOX+tlT8HHYgKYid1nW7uwrxib7OscLVY9J3ffSMTWrsW6YRhrPIpXiLqgN4I5Mp+1IO58lx4Ajfd4BIA0xVqqfo2aKgjF/qcoccIoQRuFstSVYhMgwE9bd+6wPLdSGARRDwjHT4ssWTw==\n",
            "public_key_pem": "-----BEGIN PUBLIC KEY-----\nMIICIjANBgkqhkiG9w0BAQEFAAOCAg8AMIICCgKCAgEAqadZ0iG+0rGSJu+llti3\nuZSVchmQZ5VPOwq42iZ2hCXqI6ewrlalfiPEQS3RIUyJKGWQsBMBSHV3oWa9x/bV\nlUdwnj1D4Pmehq4LUFrs+pN16f1tov/yZNG4g+2eK/+2ZLJaKjcH/rEtNeaxwUcp\nZiOELp8zVP1L4tG4WVywXOO3NhLLqnX/x1UGb1ALwPE3giu27dkkimVh3DzjWrKC\nlMCG6KVK98BIxDT6egt6roOr7OzKSx3qT2kkBhl9LUK+twXUIFhLa1p1nXD5XlMo\nJLWFbvgwO7DhoE6477b3UTHOdpU5gLjsFb3z+cwjLFJZVSeAmyGhD4tqC3isDtgK\npHvircJ7Prhn3/5EPj95LR3Fd5QfByN8La4pC/bK02+qQOD23nhnXHdGNWGniMXn\n28gjqcNtd4LAZc7PCQnqtuu8VTuM5DnjHWQE1mQk0YpppSMv/lZKMIuuLytwy7KN\ndik5nkg04nRWCDN+0abo7BRZ7wsufDfsUWnuoPY9uCrZwwg+CFhhKQwuAdDVbnKr\nwIrmc+dn5LWTl/rZU/Bx2ICmIndZ1u7sK8Ym+zrHC1WPSd330jE1q7FumEYazyKV\n4i6oDeCOTKftSDufJceAI33eASANMVaqn6NmioIxf6nKHHCKEEbhbLUlWITIMBPW\n3fusDy3UhgEUQ8Ix0+LLFk8CAwEAAQ==\n-----END PUBLIC KEY-----\n",
            "rsa_bits": 4096
          },
          "sensitive_attributes": [
            [
              {
                "type": "get_attr",
                "value": "private_key_pem"
              }
            ],
            [
              {
                "type": "get_attr",
                "value": "private_key_pem_pkcs8"
              }
            ],
            [
              {
                "type": "get_attr",
                "value": "private_key_openssh"
              }
            ]
          ],
          "create_before_destroy": true
        }
      ]
    }
  ],
  "check_results": null
}
